// !$*UTF8*$!
{
	archiveVersion = 1;
	classes = {
	};
	objectVersion = 60;
	objects = {

/* Begin PBXBuildFile section */
		B00100000000000000000001 /* ErmaoLibraryApp.swift in Sources */ = {isa = PBXBuildFile; fileRef = F00100000000000000000001 /* ErmaoLibraryApp.swift */; };
		B00200000000000000000002 /* MobileRuntimeClient.swift in Sources */ = {isa = PBXBuildFile; fileRef = F00200000000000000000002 /* MobileRuntimeClient.swift */; };
		B00300000000000000000003 /* SessionStore.swift in Sources */ = {isa = PBXBuildFile; fileRef = F00300000000000000000003 /* SessionStore.swift */; };
		B00400000000000000000004 /* PreviewMobileRuntime.swift in Sources */ = {isa = PBXBuildFile; fileRef = F00400000000000000000004 /* PreviewMobileRuntime.swift */; };
		B00500000000000000000005 /* AppRootView.swift in Sources */ = {isa = PBXBuildFile; fileRef = F00500000000000000000005 /* AppRootView.swift */; };
		B00600000000000000000006 /* AppTheme.swift in Sources */ = {isa = PBXBuildFile; fileRef = F00600000000000000000006 /* AppTheme.swift */; };
		B00700000000000000000007 /* BrandedControls.swift in Sources */ = {isa = PBXBuildFile; fileRef = F00700000000000000000007 /* BrandedControls.swift */; };
		B00800000000000000000008 /* ServerFlowView.swift in Sources */ = {isa = PBXBuildFile; fileRef = F00800000000000000000008 /* ServerFlowView.swift */; };
		B00900000000000000000009 /* AddServerView.swift in Sources */ = {isa = PBXBuildFile; fileRef = F00900000000000000000009 /* AddServerView.swift */; };
		B01000000000000000000010 /* TLSRiskView.swift in Sources */ = {isa = PBXBuildFile; fileRef = F01000000000000000000010 /* TLSRiskView.swift */; };
		B01100000000000000000011 /* IncompatibleServerView.swift in Sources */ = {isa = PBXBuildFile; fileRef = F01100000000000000000011 /* IncompatibleServerView.swift */; };
		B01200000000000000000012 /* SetupRequiredView.swift in Sources */ = {isa = PBXBuildFile; fileRef = F01200000000000000000012 /* SetupRequiredView.swift */; };
		B01300000000000000000013 /* LoginView.swift in Sources */ = {isa = PBXBuildFile; fileRef = F01300000000000000000013 /* LoginView.swift */; };
		B01400000000000000000014 /* MainTabView.swift in Sources */ = {isa = PBXBuildFile; fileRef = F01400000000000000000014 /* MainTabView.swift */; };
		B01500000000000000000015 /* KeychainCookiePayloadStore.swift in Sources */ = {isa = PBXBuildFile; fileRef = F01500000000000000000015 /* KeychainCookiePayloadStore.swift */; };
		B01600000000000000000016 /* UserDefaultsServerProfileStore.swift in Sources */ = {isa = PBXBuildFile; fileRef = F01600000000000000000016 /* UserDefaultsServerProfileStore.swift */; };
		B01700000000000000000017 /* SharedRuntimeAdapter.swift in Sources */ = {isa = PBXBuildFile; fileRef = F01700000000000000000017 /* SharedRuntimeAdapter.swift */; };
		B01800000000000000000018 /* GeneratedDesignTokens.swift in Sources */ = {isa = PBXBuildFile; fileRef = F01800000000000000000018 /* GeneratedDesignTokens.swift */; };
		B04000000000000000000040 /* ContentClient.swift in Sources */ = {isa = PBXBuildFile; fileRef = F04000000000000000000040 /* ContentClient.swift */; };
		B04100000000000000000041 /* ContentStores.swift in Sources */ = {isa = PBXBuildFile; fileRef = F04100000000000000000041 /* ContentStores.swift */; };
		B15600000000000000000156 /* ReaderProgressPresentationCenter.swift in Sources */ = {isa = PBXBuildFile; fileRef = F15600000000000000000156 /* ReaderProgressPresentationCenter.swift */; };
		B04200000000000000000042 /* ContentComponents.swift in Sources */ = {isa = PBXBuildFile; fileRef = F04200000000000000000042 /* ContentComponents.swift */; };
		B04300000000000000000043 /* LibraryCacheStore.swift in Sources */ = {isa = PBXBuildFile; fileRef = F04300000000000000000043 /* LibraryCacheStore.swift */; };
		B04400000000000000000044 /* HomeView.swift in Sources */ = {isa = PBXBuildFile; fileRef = F04400000000000000000044 /* HomeView.swift */; };
		B04500000000000000000045 /* LibraryView.swift in Sources */ = {isa = PBXBuildFile; fileRef = F04500000000000000000045 /* LibraryView.swift */; };
		B04600000000000000000046 /* FacetView.swift in Sources */ = {isa = PBXBuildFile; fileRef = F04600000000000000000046 /* FacetView.swift */; };
		B04700000000000000000047 /* WorkDetailView.swift in Sources */ = {isa = PBXBuildFile; fileRef = F04700000000000000000047 /* WorkDetailView.swift */; };
		B04800000000000000000048 /* SharedContentClient.swift in Sources */ = {isa = PBXBuildFile; fileRef = F04800000000000000000048 /* SharedContentClient.swift */; };
		B04800000000000000000049 /* SharedShelfClient.swift in Sources */ = {isa = PBXBuildFile; fileRef = F04800000000000000000049 /* SharedShelfClient.swift */; };
		B04900000000000000000049 /* ContentUITestFixture.swift in Sources */ = {isa = PBXBuildFile; fileRef = F04900000000000000000049 /* ContentUITestFixture.swift */; };
		B05000000000000000000050 /* SettingsModels.swift in Sources */ = {isa = PBXBuildFile; fileRef = F05000000000000000000050 /* SettingsModels.swift */; };
		B05100000000000000000051 /* AvatarImageProcessor.swift in Sources */ = {isa = PBXBuildFile; fileRef = F05100000000000000000051 /* AvatarImageProcessor.swift */; };
		B05200000000000000000052 /* SettingsViewModel.swift in Sources */ = {isa = PBXBuildFile; fileRef = F05200000000000000000052 /* SettingsViewModel.swift */; };
		B05300000000000000000053 /* SettingsComponents.swift in Sources */ = {isa = PBXBuildFile; fileRef = F05300000000000000000053 /* SettingsComponents.swift */; };
		B05400000000000000000054 /* MeRootView.swift in Sources */ = {isa = PBXBuildFile; fileRef = F05400000000000000000054 /* MeRootView.swift */; };
		B05500000000000000000055 /* ProfileSettingsView.swift in Sources */ = {isa = PBXBuildFile; fileRef = F05500000000000000000055 /* ProfileSettingsView.swift */; };
		B05600000000000000000056 /* SecuritySettingsView.swift in Sources */ = {isa = PBXBuildFile; fileRef = F05600000000000000000056 /* SecuritySettingsView.swift */; };
		B05700000000000000000057 /* LanguageSettingsView.swift in Sources */ = {isa = PBXBuildFile; fileRef = F05700000000000000000057 /* LanguageSettingsView.swift */; };
		B05800000000000000000058 /* AboutSettingsView.swift in Sources */ = {isa = PBXBuildFile; fileRef = F05800000000000000000058 /* AboutSettingsView.swift */; };
		B05900000000000000000059 /* SharedSettingsClient.swift in Sources */ = {isa = PBXBuildFile; fileRef = F05900000000000000000059 /* SharedSettingsClient.swift */; };
		B06000000000000000000060 /* AdministrativeManagementView.swift in Sources */ = {isa = PBXBuildFile; fileRef = F06000000000000000000060 /* AdministrativeManagementView.swift */; };
		B06100000000000000000061 /* AdministrativeSettingsClient.swift in Sources */ = {isa = PBXBuildFile; fileRef = F06100000000000000000061 /* AdministrativeSettingsClient.swift */; };
		B06200000000000000000062 /* AdministrativeSettingsComponents.swift in Sources */ = {isa = PBXBuildFile; fileRef = F06200000000000000000062 /* AdministrativeSettingsComponents.swift */; };
		B06300000000000000000063 /* AdministrativeSettingsCopy.swift in Sources */ = {isa = PBXBuildFile; fileRef = F06300000000000000000063 /* AdministrativeSettingsCopy.swift */; };
		B06400000000000000000064 /* AdministrativeSettingsModels.swift in Sources */ = {isa = PBXBuildFile; fileRef = F06400000000000000000064 /* AdministrativeSettingsModels.swift */; };
		B06500000000000000000065 /* AdministrativeSettingsStore.swift in Sources */ = {isa = PBXBuildFile; fileRef = F06500000000000000000065 /* AdministrativeSettingsStore.swift */; };
		B06600000000000000000066 /* LibrarySettingsViews.swift in Sources */ = {isa = PBXBuildFile; fileRef = F06600000000000000000066 /* LibrarySettingsViews.swift */; };
		B06700000000000000000067 /* MessagingSettingsViews.swift in Sources */ = {isa = PBXBuildFile; fileRef = F06700000000000000000067 /* MessagingSettingsViews.swift */; };
		B06800000000000000000068 /* MetadataSettingsViews.swift in Sources */ = {isa = PBXBuildFile; fileRef = F06800000000000000000068 /* MetadataSettingsViews.swift */; };
		B06900000000000000000069 /* OrganizationSettingsViews.swift in Sources */ = {isa = PBXBuildFile; fileRef = F06900000000000000000069 /* OrganizationSettingsViews.swift */; };
		B07000000000000000000070 /* SharedAdministrativeSettingsClient.swift in Sources */ = {isa = PBXBuildFile; fileRef = F07000000000000000000070 /* SharedAdministrativeSettingsClient.swift */; };
		B07100000000000000000071 /* SharedAdministrativeSettingsMapping.swift in Sources */ = {isa = PBXBuildFile; fileRef = F07100000000000000000071 /* SharedAdministrativeSettingsMapping.swift */; };
		B07200000000000000000072 /* SystemSettingsViews.swift in Sources */ = {isa = PBXBuildFile; fileRef = F07200000000000000000072 /* SystemSettingsViews.swift */; };
		B07300000000000000000073 /* UserSettingsViews.swift in Sources */ = {isa = PBXBuildFile; fileRef = F07300000000000000000073 /* UserSettingsViews.swift */; };
		B07400000000000000000074 /* IosReaderModels.swift in Sources */ = {isa = PBXBuildFile; fileRef = F07400000000000000000074 /* IosReaderModels.swift */; };
		B07500000000000000000075 /* IosManagedPublicationStore.swift in Sources */ = {isa = PBXBuildFile; fileRef = F07500000000000000000075 /* IosManagedPublicationStore.swift */; };
		B07600000000000000000076 /* IosReaderProgressStore.swift in Sources */ = {isa = PBXBuildFile; fileRef = F07600000000000000000076 /* IosReaderProgressStore.swift */; };
		B07700000000000000000077 /* ReadiumSwiftLocatorMapper.swift in Sources */ = {isa = PBXBuildFile; fileRef = F07700000000000000000077 /* ReadiumSwiftLocatorMapper.swift */; };
		B07800000000000000000078 /* IosReadiumRuntime.swift in Sources */ = {isa = PBXBuildFile; fileRef = F07800000000000000000078 /* IosReadiumRuntime.swift */; };
		B07900000000000000000079 /* IosEpubReaderSession.swift in Sources */ = {isa = PBXBuildFile; fileRef = F07900000000000000000079 /* IosEpubReaderSession.swift */; };
		B08000000000000000000080 /* IosEpubReaderView.swift in Sources */ = {isa = PBXBuildFile; fileRef = F08000000000000000000080 /* IosEpubReaderView.swift */; };
		B08400000000000000000084 /* IosReaderLocalDatabase.swift in Sources */ = {isa = PBXBuildFile; fileRef = F08400000000000000000084 /* IosReaderLocalDatabase.swift */; };
		B08500000000000000000085 /* IosPublicationDownloadSink.swift in Sources */ = {isa = PBXBuildFile; fileRef = F08500000000000000000085 /* IosPublicationDownloadSink.swift */; };
		B08600000000000000000086 /* IosReaderComposition.swift in Sources */ = {isa = PBXBuildFile; fileRef = F08600000000000000000086 /* IosReaderComposition.swift */; };
		B08800000000000000000088 /* IosMobiCore.swift in Sources */ = {isa = PBXBuildFile; fileRef = F08800000000000000000088 /* IosMobiCore.swift */; };
		B15700000000000000000157 /* IosMobiContentSanitizer.swift in Sources */ = {isa = PBXBuildFile; fileRef = F15700000000000000000157 /* IosMobiContentSanitizer.swift */; };
		B15800000000000000000158 /* IosMobiLazyContainer.swift in Sources */ = {isa = PBXBuildFile; fileRef = F15800000000000000000158 /* IosMobiLazyContainer.swift */; };
		B15900000000000000000159 /* IosMobiPublicationFactory.swift in Sources */ = {isa = PBXBuildFile; fileRef = F15900000000000000000159 /* IosMobiPublicationFactory.swift */; };
		B17600000000000000000176 /* IosTxtPublicationFactory.swift in Sources */ = {isa = PBXBuildFile; fileRef = F17600000000000000000176 /* IosTxtPublicationFactory.swift */; };
		B18000000000000000000180 /* IosCbzPublicationFactory.swift in Sources */ = {isa = PBXBuildFile; fileRef = F18000000000000000000180 /* IosCbzPublicationFactory.swift */; };
		B18100000000000000000181 /* IosComicReaderSession.swift in Sources */ = {isa = PBXBuildFile; fileRef = F18100000000000000000181 /* IosComicReaderSession.swift */; };
		B18200000000000000000182 /* IosComicReaderView.swift in Sources */ = {isa = PBXBuildFile; fileRef = F18200000000000000000182 /* IosComicReaderView.swift */; };
		B18300000000000000000183 /* CbzPublicationTests.swift in Sources */ = {isa = PBXBuildFile; fileRef = F18300000000000000000183 /* CbzPublicationTests.swift */; };
		B18400000000000000000184 /* IosPdfReaderSession.swift in Sources */ = {isa = PBXBuildFile; fileRef = F18400000000000000000184 /* IosPdfReaderSession.swift */; };
		B18500000000000000000185 /* IosPdfReaderView.swift in Sources */ = {isa = PBXBuildFile; fileRef = F18500000000000000000185 /* IosPdfReaderView.swift */; };
		B18600000000000000000186 /* IosPdfPageCountStore.swift in Sources */ = {isa = PBXBuildFile; fileRef = F18600000000000000000186 /* IosPdfPageCountStore.swift */; };
		B18700000000000000000187 /* PdfReaderTests.swift in Sources */ = {isa = PBXBuildFile; fileRef = F18700000000000000000187 /* PdfReaderTests.swift */; };
		B08700000000000000000087 /* libsqlite3.tbd in Frameworks */ = {isa = PBXBuildFile; fileRef = F08700000000000000000087 /* libsqlite3.tbd */; };
		B02000000000000000000020 /* Assets.xcassets in Resources */ = {isa = PBXBuildFile; fileRef = F02000000000000000000020 /* Assets.xcassets */; };
		B02100000000000000000021 /* Localizable.xcstrings in Resources */ = {isa = PBXBuildFile; fileRef = F02100000000000000000021 /* Localizable.xcstrings */; };
		B02200000000000000000022 /* PrivacyInfo.xcprivacy in Resources */ = {isa = PBXBuildFile; fileRef = F02200000000000000000022 /* PrivacyInfo.xcprivacy */; };
		B12400000000000000000124 /* ReaderFonts in Resources */ = {isa = PBXBuildFile; fileRef = F12400000000000000000124 /* ReaderFonts */; };
		B03000000000000000000030 /* SessionStoreTests.swift in Sources */ = {isa = PBXBuildFile; fileRef = F03000000000000000000030 /* SessionStoreTests.swift */; };
		B03100000000000000000031 /* PersistenceTests.swift in Sources */ = {isa = PBXBuildFile; fileRef = F03100000000000000000031 /* PersistenceTests.swift */; };
		B03200000000000000000032 /* LocalizationTests.swift in Sources */ = {isa = PBXBuildFile; fileRef = F03200000000000000000032 /* LocalizationTests.swift */; };
		B03300000000000000000033 /* NavigationThemeTests.swift in Sources */ = {isa = PBXBuildFile; fileRef = F03300000000000000000033 /* NavigationThemeTests.swift */; };
		B03400000000000000000034 /* ContentStoreTests.swift in Sources */ = {isa = PBXBuildFile; fileRef = F03400000000000000000034 /* ContentStoreTests.swift */; };
		B03500000000000000000035 /* ContentDiscoveryUITests.swift in Sources */ = {isa = PBXBuildFile; fileRef = F03500000000000000000035 /* ContentDiscoveryUITests.swift */; };
		B03600000000000000000036 /* MeSettingsTests.swift in Sources */ = {isa = PBXBuildFile; fileRef = F03600000000000000000036 /* MeSettingsTests.swift */; };
		B03700000000000000000037 /* AdministrativeSettingsTests.swift in Sources */ = {isa = PBXBuildFile; fileRef = F03700000000000000000037 /* AdministrativeSettingsTests.swift */; };
		B08100000000000000000081 /* ReaderProgressContractTests.swift in Sources */ = {isa = PBXBuildFile; fileRef = F08100000000000000000081 /* ReaderProgressContractTests.swift */; };
		B08200000000000000000082 /* ReaderPersistenceTests.swift in Sources */ = {isa = PBXBuildFile; fileRef = F08200000000000000000082 /* ReaderPersistenceTests.swift */; };
		B08300000000000000000083 /* ReaderSecurityTests.swift in Sources */ = {isa = PBXBuildFile; fileRef = F08300000000000000000083 /* ReaderSecurityTests.swift */; };
		B08900000000000000000089 /* MobiCoreTests.swift in Sources */ = {isa = PBXBuildFile; fileRef = F08900000000000000000089 /* MobiCoreTests.swift */; };
		B16000000000000000000160 /* MobiPublicationFactoryTests.swift in Sources */ = {isa = PBXBuildFile; fileRef = F16000000000000000000160 /* MobiPublicationFactoryTests.swift */; };
		B09000000000000000000090 /* 01-basic-mobi6.mobi in Resources */ = {isa = PBXBuildFile; fileRef = F09000000000000000000090 /* 01-basic-mobi6.mobi */; };
		B09100000000000000000091 /* 11-upstream-huff-cdic.mobi in Resources */ = {isa = PBXBuildFile; fileRef = F09100000000000000000091 /* 11-upstream-huff-cdic.mobi */; };
		B09200000000000000000092 /* negative-synthetic-drm-header.mobi in Resources */ = {isa = PBXBuildFile; fileRef = F09200000000000000000092 /* negative-synthetic-drm-header.mobi */; };
		B09300000000000000000093 /* negative-no-content.mobi in Resources */ = {isa = PBXBuildFile; fileRef = F09300000000000000000093 /* negative-no-content.mobi */; };
		B09400000000000000000094 /* 01-basic-mobi6.abi-v1.snapshot in Resources */ = {isa = PBXBuildFile; fileRef = F09400000000000000000094 /* 01-basic-mobi6.abi-v1.snapshot */; };
		B09500000000000000000095 /* 11-upstream-huff-cdic.abi-v1.snapshot in Resources */ = {isa = PBXBuildFile; fileRef = F09500000000000000000095 /* 11-upstream-huff-cdic.abi-v1.snapshot */; };
		B09600000000000000000096 /* negative-synthetic-kfx.kfx in Resources */ = {isa = PBXBuildFile; fileRef = F09600000000000000000096 /* negative-synthetic-kfx.kfx */; };
		B09700000000000000000097 /* negative-synthetic-azw4.azw4 in Resources */ = {isa = PBXBuildFile; fileRef = F09700000000000000000097 /* negative-synthetic-azw4.azw4 */; };
		B09800000000000000000098 /* test.azw3 in Resources */ = {isa = PBXBuildFile; fileRef = F09800000000000000000098 /* test.azw3 */; };
		B09900000000000000000099 /* 03-css.azw3 in Resources */ = {isa = PBXBuildFile; fileRef = F09900000000000000000099 /* 03-css.azw3 */; };
		B10000000000000000000100 /* 04-font.azw3 in Resources */ = {isa = PBXBuildFile; fileRef = F10000000000000000000100 /* 04-font.azw3 */; };
		B10100000000000000000101 /* 05-images.azw3 in Resources */ = {isa = PBXBuildFile; fileRef = F10100000000000000000101 /* 05-images.azw3 */; };
		B10200000000000000000102 /* 06-footnotes.azw3 in Resources */ = {isa = PBXBuildFile; fileRef = F10200000000000000000102 /* 06-footnotes.azw3 */; };
		B10300000000000000000103 /* 07-complex-toc.azw3 in Resources */ = {isa = PBXBuildFile; fileRef = F10300000000000000000103 /* 07-complex-toc.azw3 */; };
		B10400000000000000000104 /* 08-zh-hans.azw3 in Resources */ = {isa = PBXBuildFile; fileRef = F10400000000000000000104 /* 08-zh-hans.azw3 */; };
		B10500000000000000000105 /* 09-ja-vertical.azw3 in Resources */ = {isa = PBXBuildFile; fileRef = F10500000000000000000105 /* 09-ja-vertical.azw3 */; };
		B10600000000000000000106 /* 10-long-chapter.azw3 in Resources */ = {isa = PBXBuildFile; fileRef = F10600000000000000000106 /* 10-long-chapter.azw3 */; };
		B10700000000000000000107 /* 12-basic.prc in Resources */ = {isa = PBXBuildFile; fileRef = F10700000000000000000107 /* 12-basic.prc */; };
		B10800000000000000000108 /* 13-basic.azw in Resources */ = {isa = PBXBuildFile; fileRef = F10800000000000000000108 /* 13-basic.azw */; };
		B10900000000000000000109 /* negative-upstream-drm-v1.mobi in Resources */ = {isa = PBXBuildFile; fileRef = F10900000000000000000109 /* negative-upstream-drm-v1.mobi */; };
		B11000000000000000000110 /* negative-truncated.mobi in Resources */ = {isa = PBXBuildFile; fileRef = F11000000000000000000110 /* negative-truncated.mobi */; };
		B11100000000000000000111 /* negative-corrupt-record-offset.mobi in Resources */ = {isa = PBXBuildFile; fileRef = F11100000000000000000111 /* negative-corrupt-record-offset.mobi */; };
		B11200000000000000000112 /* negative-pseudo.mobi in Resources */ = {isa = PBXBuildFile; fileRef = F11200000000000000000112 /* negative-pseudo.mobi */; };
		B90000000000000000000900 /* ErmaoShared.framework in Frameworks */ = {isa = PBXBuildFile; fileRef = F90000000000000000000900 /* ErmaoShared.framework */; };
		BR0100000000000000000001 /* ReadiumShared in Frameworks */ = {isa = PBXBuildFile; productRef = PR0100000000000000000001 /* ReadiumShared */; };
		BR0200000000000000000002 /* ReadiumStreamer in Frameworks */ = {isa = PBXBuildFile; productRef = PR0200000000000000000002 /* ReadiumStreamer */; };
		BR0300000000000000000003 /* ReadiumNavigator in Frameworks */ = {isa = PBXBuildFile; productRef = PR0300000000000000000003 /* ReadiumNavigator */; };
		BR0600000000000000000006 /* ReadiumAdapterGCDWebServer in Frameworks */ = {isa = PBXBuildFile; productRef = PR0600000000000000000006 /* ReadiumAdapterGCDWebServer */; };
		BR0500000000000000000005 /* ErmaoMobiCore in Frameworks */ = {isa = PBXBuildFile; productRef = PR0500000000000000000005 /* ErmaoMobiCore */; };
		A17400000000000000000174 /* DownloadModels.swift in Sources */ = {isa = PBXBuildFile; fileRef = E17400000000000000000174 /* DownloadModels.swift */; };
		A17500000000000000000175 /* DownloadCenterStore.swift in Sources */ = {isa = PBXBuildFile; fileRef = E17500000000000000000175 /* DownloadCenterStore.swift */; };
		A17600000000000000000176 /* DownloadCenterView.swift in Sources */ = {isa = PBXBuildFile; fileRef = E17600000000000000000176 /* DownloadCenterView.swift */; };
		A17700000000000000000177 /* ManagedDownloadStore.swift in Sources */ = {isa = PBXBuildFile; fileRef = E17700000000000000000177 /* ManagedDownloadStore.swift */; };
		A17800000000000000000178 /* SharedManagedDownloadTransfer.swift in Sources */ = {isa = PBXBuildFile; fileRef = E17800000000000000000178 /* SharedManagedDownloadTransfer.swift */; };
		A13800000000000000000138 /* DownloadStoreTests.swift in Sources */ = {isa = PBXBuildFile; fileRef = E13800000000000000000138 /* DownloadStoreTests.swift */; };
/* End PBXBuildFile section */

/* Begin PBXContainerItemProxy section */
		X00100000000000000000001 /* PBXContainerItemProxy */ = {
			isa = PBXContainerItemProxy;
			containerPortal = P00100000000000000000001 /* Project object */;
			proxyType = 1;
			remoteGlobalIDString = T00100000000000000000001;
			remoteInfo = ErmaoLibrary;
		};
		X00200000000000000000002 /* PBXContainerItemProxy */ = {
			isa = PBXContainerItemProxy;
			containerPortal = P00100000000000000000001 /* Project object */;
			proxyType = 1;
			remoteGlobalIDString = T00100000000000000000001;
			remoteInfo = ErmaoLibrary;
		};
/* End PBXContainerItemProxy section */

/* Begin PBXFileReference section */
		F00100000000000000000001 /* ErmaoLibraryApp.swift */ = {isa = PBXFileReference; lastKnownFileType = sourcecode.swift; path = ErmaoLibraryApp.swift; sourceTree = "<group>"; };
		F00200000000000000000002 /* MobileRuntimeClient.swift */ = {isa = PBXFileReference; lastKnownFileType = sourcecode.swift; path = MobileRuntimeClient.swift; sourceTree = "<group>"; };
		F00300000000000000000003 /* SessionStore.swift */ = {isa = PBXFileReference; lastKnownFileType = sourcecode.swift; path = SessionStore.swift; sourceTree = "<group>"; };
		F00400000000000000000004 /* PreviewMobileRuntime.swift */ = {isa = PBXFileReference; lastKnownFileType = sourcecode.swift; path = PreviewMobileRuntime.swift; sourceTree = "<group>"; };
		F00500000000000000000005 /* AppRootView.swift */ = {isa = PBXFileReference; lastKnownFileType = sourcecode.swift; path = AppRootView.swift; sourceTree = "<group>"; };
		F00600000000000000000006 /* AppTheme.swift */ = {isa = PBXFileReference; lastKnownFileType = sourcecode.swift; path = AppTheme.swift; sourceTree = "<group>"; };
		F00700000000000000000007 /* BrandedControls.swift */ = {isa = PBXFileReference; lastKnownFileType = sourcecode.swift; path = BrandedControls.swift; sourceTree = "<group>"; };
		F00800000000000000000008 /* ServerFlowView.swift */ = {isa = PBXFileReference; lastKnownFileType = sourcecode.swift; path = ServerFlowView.swift; sourceTree = "<group>"; };
		F00900000000000000000009 /* AddServerView.swift */ = {isa = PBXFileReference; lastKnownFileType = sourcecode.swift; path = AddServerView.swift; sourceTree = "<group>"; };
		F01000000000000000000010 /* TLSRiskView.swift */ = {isa = PBXFileReference; lastKnownFileType = sourcecode.swift; path = TLSRiskView.swift; sourceTree = "<group>"; };
		F01100000000000000000011 /* IncompatibleServerView.swift */ = {isa = PBXFileReference; lastKnownFileType = sourcecode.swift; path = IncompatibleServerView.swift; sourceTree = "<group>"; };
		F01200000000000000000012 /* SetupRequiredView.swift */ = {isa = PBXFileReference; lastKnownFileType = sourcecode.swift; path = SetupRequiredView.swift; sourceTree = "<group>"; };
		F01300000000000000000013 /* LoginView.swift */ = {isa = PBXFileReference; lastKnownFileType = sourcecode.swift; path = LoginView.swift; sourceTree = "<group>"; };
		F01400000000000000000014 /* MainTabView.swift */ = {isa = PBXFileReference; lastKnownFileType = sourcecode.swift; path = MainTabView.swift; sourceTree = "<group>"; };
		F01500000000000000000015 /* KeychainCookiePayloadStore.swift */ = {isa = PBXFileReference; lastKnownFileType = sourcecode.swift; path = KeychainCookiePayloadStore.swift; sourceTree = "<group>"; };
		F01600000000000000000016 /* UserDefaultsServerProfileStore.swift */ = {isa = PBXFileReference; lastKnownFileType = sourcecode.swift; path = UserDefaultsServerProfileStore.swift; sourceTree = "<group>"; };
		F01700000000000000000017 /* SharedRuntimeAdapter.swift */ = {isa = PBXFileReference; lastKnownFileType = sourcecode.swift; path = SharedRuntimeAdapter.swift; sourceTree = "<group>"; };
		F01800000000000000000018 /* GeneratedDesignTokens.swift */ = {isa = PBXFileReference; lastKnownFileType = sourcecode.swift; name = GeneratedDesignTokens.swift; path = "../build/generated/design-tokens/swift/GeneratedDesignTokens.swift"; sourceTree = SOURCE_ROOT; };
		F04000000000000000000040 /* ContentClient.swift */ = {isa = PBXFileReference; lastKnownFileType = sourcecode.swift; path = ContentClient.swift; sourceTree = "<group>"; };
		F04100000000000000000041 /* ContentStores.swift */ = {isa = PBXFileReference; lastKnownFileType = sourcecode.swift; path = ContentStores.swift; sourceTree = "<group>"; };
		F15600000000000000000156 /* ReaderProgressPresentationCenter.swift */ = {isa = PBXFileReference; lastKnownFileType = sourcecode.swift; path = ReaderProgressPresentationCenter.swift; sourceTree = "<group>"; };
		F04200000000000000000042 /* ContentComponents.swift */ = {isa = PBXFileReference; lastKnownFileType = sourcecode.swift; path = ContentComponents.swift; sourceTree = "<group>"; };
		F04300000000000000000043 /* LibraryCacheStore.swift */ = {isa = PBXFileReference; lastKnownFileType = sourcecode.swift; path = LibraryCacheStore.swift; sourceTree = "<group>"; };
		F04400000000000000000044 /* HomeView.swift */ = {isa = PBXFileReference; lastKnownFileType = sourcecode.swift; path = HomeView.swift; sourceTree = "<group>"; };
		F04500000000000000000045 /* LibraryView.swift */ = {isa = PBXFileReference; lastKnownFileType = sourcecode.swift; path = LibraryView.swift; sourceTree = "<group>"; };
		F04600000000000000000046 /* FacetView.swift */ = {isa = PBXFileReference; lastKnownFileType = sourcecode.swift; path = FacetView.swift; sourceTree = "<group>"; };
		F04700000000000000000047 /* WorkDetailView.swift */ = {isa = PBXFileReference; lastKnownFileType = sourcecode.swift; path = WorkDetailView.swift; sourceTree = "<group>"; };
		F04800000000000000000048 /* SharedContentClient.swift */ = {isa = PBXFileReference; lastKnownFileType = sourcecode.swift; path = SharedContentClient.swift; sourceTree = "<group>"; };
		F04800000000000000000049 /* SharedShelfClient.swift */ = {isa = PBXFileReference; lastKnownFileType = sourcecode.swift; path = SharedShelfClient.swift; sourceTree = "<group>"; };
		F04900000000000000000049 /* ContentUITestFixture.swift */ = {isa = PBXFileReference; lastKnownFileType = sourcecode.swift; path = ContentUITestFixture.swift; sourceTree = "<group>"; };
		F05000000000000000000050 /* SettingsModels.swift */ = {isa = PBXFileReference; lastKnownFileType = sourcecode.swift; path = SettingsModels.swift; sourceTree = "<group>"; };
		F05100000000000000000051 /* AvatarImageProcessor.swift */ = {isa = PBXFileReference; lastKnownFileType = sourcecode.swift; path = AvatarImageProcessor.swift; sourceTree = "<group>"; };
		F05200000000000000000052 /* SettingsViewModel.swift */ = {isa = PBXFileReference; lastKnownFileType = sourcecode.swift; path = SettingsViewModel.swift; sourceTree = "<group>"; };
		F05300000000000000000053 /* SettingsComponents.swift */ = {isa = PBXFileReference; lastKnownFileType = sourcecode.swift; path = SettingsComponents.swift; sourceTree = "<group>"; };
		F05400000000000000000054 /* MeRootView.swift */ = {isa = PBXFileReference; lastKnownFileType = sourcecode.swift; path = MeRootView.swift; sourceTree = "<group>"; };
		F05500000000000000000055 /* ProfileSettingsView.swift */ = {isa = PBXFileReference; lastKnownFileType = sourcecode.swift; path = ProfileSettingsView.swift; sourceTree = "<group>"; };
		F05600000000000000000056 /* SecuritySettingsView.swift */ = {isa = PBXFileReference; lastKnownFileType = sourcecode.swift; path = SecuritySettingsView.swift; sourceTree = "<group>"; };
		F05700000000000000000057 /* LanguageSettingsView.swift */ = {isa = PBXFileReference; lastKnownFileType = sourcecode.swift; path = LanguageSettingsView.swift; sourceTree = "<group>"; };
		F05800000000000000000058 /* AboutSettingsView.swift */ = {isa = PBXFileReference; lastKnownFileType = sourcecode.swift; path = AboutSettingsView.swift; sourceTree = "<group>"; };
		F05900000000000000000059 /* SharedSettingsClient.swift */ = {isa = PBXFileReference; lastKnownFileType = sourcecode.swift; path = SharedSettingsClient.swift; sourceTree = "<group>"; };
		F06000000000000000000060 /* AdministrativeManagementView.swift */ = {isa = PBXFileReference; lastKnownFileType = sourcecode.swift; path = AdministrativeManagementView.swift; sourceTree = "<group>"; };
		F06100000000000000000061 /* AdministrativeSettingsClient.swift */ = {isa = PBXFileReference; lastKnownFileType = sourcecode.swift; path = AdministrativeSettingsClient.swift; sourceTree = "<group>"; };
		F06200000000000000000062 /* AdministrativeSettingsComponents.swift */ = {isa = PBXFileReference; lastKnownFileType = sourcecode.swift; path = AdministrativeSettingsComponents.swift; sourceTree = "<group>"; };
		F06300000000000000000063 /* AdministrativeSettingsCopy.swift */ = {isa = PBXFileReference; lastKnownFileType = sourcecode.swift; path = AdministrativeSettingsCopy.swift; sourceTree = "<group>"; };
		F06400000000000000000064 /* AdministrativeSettingsModels.swift */ = {isa = PBXFileReference; lastKnownFileType = sourcecode.swift; path = AdministrativeSettingsModels.swift; sourceTree = "<group>"; };
		F06500000000000000000065 /* AdministrativeSettingsStore.swift */ = {isa = PBXFileReference; lastKnownFileType = sourcecode.swift; path = AdministrativeSettingsStore.swift; sourceTree = "<group>"; };
		F06600000000000000000066 /* LibrarySettingsViews.swift */ = {isa = PBXFileReference; lastKnownFileType = sourcecode.swift; path = LibrarySettingsViews.swift; sourceTree = "<group>"; };
		F06700000000000000000067 /* MessagingSettingsViews.swift */ = {isa = PBXFileReference; lastKnownFileType = sourcecode.swift; path = MessagingSettingsViews.swift; sourceTree = "<group>"; };
		F06800000000000000000068 /* MetadataSettingsViews.swift */ = {isa = PBXFileReference; lastKnownFileType = sourcecode.swift; path = MetadataSettingsViews.swift; sourceTree = "<group>"; };
		F06900000000000000000069 /* OrganizationSettingsViews.swift */ = {isa = PBXFileReference; lastKnownFileType = sourcecode.swift; path = OrganizationSettingsViews.swift; sourceTree = "<group>"; };
		F07000000000000000000070 /* SharedAdministrativeSettingsClient.swift */ = {isa = PBXFileReference; lastKnownFileType = sourcecode.swift; path = SharedAdministrativeSettingsClient.swift; sourceTree = "<group>"; };
		F07100000000000000000071 /* SharedAdministrativeSettingsMapping.swift */ = {isa = PBXFileReference; lastKnownFileType = sourcecode.swift; path = SharedAdministrativeSettingsMapping.swift; sourceTree = "<group>"; };
		F07200000000000000000072 /* SystemSettingsViews.swift */ = {isa = PBXFileReference; lastKnownFileType = sourcecode.swift; path = SystemSettingsViews.swift; sourceTree = "<group>"; };
		F07300000000000000000073 /* UserSettingsViews.swift */ = {isa = PBXFileReference; lastKnownFileType = sourcecode.swift; path = UserSettingsViews.swift; sourceTree = "<group>"; };
		F07400000000000000000074 /* IosReaderModels.swift */ = {isa = PBXFileReference; lastKnownFileType = sourcecode.swift; path = IosReaderModels.swift; sourceTree = "<group>"; };
		F07500000000000000000075 /* IosManagedPublicationStore.swift */ = {isa = PBXFileReference; lastKnownFileType = sourcecode.swift; path = IosManagedPublicationStore.swift; sourceTree = "<group>"; };
		F07600000000000000000076 /* IosReaderProgressStore.swift */ = {isa = PBXFileReference; lastKnownFileType = sourcecode.swift; path = IosReaderProgressStore.swift; sourceTree = "<group>"; };
		F07700000000000000000077 /* ReadiumSwiftLocatorMapper.swift */ = {isa = PBXFileReference; lastKnownFileType = sourcecode.swift; path = ReadiumSwiftLocatorMapper.swift; sourceTree = "<group>"; };
		F07800000000000000000078 /* IosReadiumRuntime.swift */ = {isa = PBXFileReference; lastKnownFileType = sourcecode.swift; path = IosReadiumRuntime.swift; sourceTree = "<group>"; };
		F07900000000000000000079 /* IosEpubReaderSession.swift */ = {isa = PBXFileReference; lastKnownFileType = sourcecode.swift; path = IosEpubReaderSession.swift; sourceTree = "<group>"; };
		F08000000000000000000080 /* IosEpubReaderView.swift */ = {isa = PBXFileReference; lastKnownFileType = sourcecode.swift; path = IosEpubReaderView.swift; sourceTree = "<group>"; };
		F08400000000000000000084 /* IosReaderLocalDatabase.swift */ = {isa = PBXFileReference; lastKnownFileType = sourcecode.swift; path = IosReaderLocalDatabase.swift; sourceTree = "<group>"; };
		F08500000000000000000085 /* IosPublicationDownloadSink.swift */ = {isa = PBXFileReference; lastKnownFileType = sourcecode.swift; path = IosPublicationDownloadSink.swift; sourceTree = "<group>"; };
		F08600000000000000000086 /* IosReaderComposition.swift */ = {isa = PBXFileReference; lastKnownFileType = sourcecode.swift; path = IosReaderComposition.swift; sourceTree = "<group>"; };
		F08800000000000000000088 /* IosMobiCore.swift */ = {isa = PBXFileReference; lastKnownFileType = sourcecode.swift; path = IosMobiCore.swift; sourceTree = "<group>"; };
		F15700000000000000000157 /* IosMobiContentSanitizer.swift */ = {isa = PBXFileReference; lastKnownFileType = sourcecode.swift; path = IosMobiContentSanitizer.swift; sourceTree = "<group>"; };
		F15800000000000000000158 /* IosMobiLazyContainer.swift */ = {isa = PBXFileReference; lastKnownFileType = sourcecode.swift; path = IosMobiLazyContainer.swift; sourceTree = "<group>"; };
		F15900000000000000000159 /* IosMobiPublicationFactory.swift */ = {isa = PBXFileReference; lastKnownFileType = sourcecode.swift; path = IosMobiPublicationFactory.swift; sourceTree = "<group>"; };
		F17600000000000000000176 /* IosTxtPublicationFactory.swift */ = {isa = PBXFileReference; lastKnownFileType = sourcecode.swift; path = IosTxtPublicationFactory.swift; sourceTree = "<group>"; };
		F18000000000000000000180 /* IosCbzPublicationFactory.swift */ = {isa = PBXFileReference; lastKnownFileType = sourcecode.swift; path = IosCbzPublicationFactory.swift; sourceTree = "<group>"; };
		F18100000000000000000181 /* IosComicReaderSession.swift */ = {isa = PBXFileReference; lastKnownFileType = sourcecode.swift; path = IosComicReaderSession.swift; sourceTree = "<group>"; };
		F18200000000000000000182 /* IosComicReaderView.swift */ = {isa = PBXFileReference; lastKnownFileType = sourcecode.swift; path = IosComicReaderView.swift; sourceTree = "<group>"; };
		F18300000000000000000183 /* CbzPublicationTests.swift */ = {isa = PBXFileReference; lastKnownFileType = sourcecode.swift; path = CbzPublicationTests.swift; sourceTree = "<group>"; };
		F18400000000000000000184 /* IosPdfReaderSession.swift */ = {isa = PBXFileReference; lastKnownFileType = sourcecode.swift; path = IosPdfReaderSession.swift; sourceTree = "<group>"; };
		F18500000000000000000185 /* IosPdfReaderView.swift */ = {isa = PBXFileReference; lastKnownFileType = sourcecode.swift; path = IosPdfReaderView.swift; sourceTree = "<group>"; };
		F18600000000000000000186 /* IosPdfPageCountStore.swift */ = {isa = PBXFileReference; lastKnownFileType = sourcecode.swift; path = IosPdfPageCountStore.swift; sourceTree = "<group>"; };
		F18700000000000000000187 /* PdfReaderTests.swift */ = {isa = PBXFileReference; lastKnownFileType = sourcecode.swift; path = PdfReaderTests.swift; sourceTree = "<group>"; };
		F08700000000000000000087 /* libsqlite3.tbd */ = {isa = PBXFileReference; lastKnownFileType = sourcecode.text-based-dylib-definition; path = usr/lib/libsqlite3.tbd; sourceTree = SDKROOT; };
		F02000000000000000000020 /* Assets.xcassets */ = {isa = PBXFileReference; lastKnownFileType = folder.assetcatalog; path = Assets.xcassets; sourceTree = "<group>"; };
		F02100000000000000000021 /* Localizable.xcstrings */ = {isa = PBXFileReference; lastKnownFileType = text.json.xcstrings; path = Localizable.xcstrings; sourceTree = "<group>"; };
		F02200000000000000000022 /* PrivacyInfo.xcprivacy */ = {isa = PBXFileReference; lastKnownFileType = text.xml; path = PrivacyInfo.xcprivacy; sourceTree = "<group>"; };
		F12400000000000000000124 /* ReaderFonts */ = {isa = PBXFileReference; lastKnownFileType = folder; name = ReaderFonts; path = ../../web/public/fonts/reader; sourceTree = SOURCE_ROOT; };
		F02300000000000000000023 /* Info.plist */ = {isa = PBXFileReference; lastKnownFileType = text.plist.xml; path = Info.plist; sourceTree = "<group>"; };
		F03000000000000000000030 /* SessionStoreTests.swift */ = {isa = PBXFileReference; lastKnownFileType = sourcecode.swift; path = SessionStoreTests.swift; sourceTree = "<group>"; };
		F03100000000000000000031 /* PersistenceTests.swift */ = {isa = PBXFileReference; lastKnownFileType = sourcecode.swift; path = PersistenceTests.swift; sourceTree = "<group>"; };
		F03200000000000000000032 /* LocalizationTests.swift */ = {isa = PBXFileReference; lastKnownFileType = sourcecode.swift; path = LocalizationTests.swift; sourceTree = "<group>"; };
		F03300000000000000000033 /* NavigationThemeTests.swift */ = {isa = PBXFileReference; lastKnownFileType = sourcecode.swift; path = NavigationThemeTests.swift; sourceTree = "<group>"; };
		F03400000000000000000034 /* ContentStoreTests.swift */ = {isa = PBXFileReference; lastKnownFileType = sourcecode.swift; path = ContentStoreTests.swift; sourceTree = "<group>"; };
		F03500000000000000000035 /* ContentDiscoveryUITests.swift */ = {isa = PBXFileReference; lastKnownFileType = sourcecode.swift; path = ContentDiscoveryUITests.swift; sourceTree = "<group>"; };
		F03600000000000000000036 /* MeSettingsTests.swift */ = {isa = PBXFileReference; lastKnownFileType = sourcecode.swift; path = MeSettingsTests.swift; sourceTree = "<group>"; };
		F03700000000000000000037 /* AdministrativeSettingsTests.swift */ = {isa = PBXFileReference; lastKnownFileType = sourcecode.swift; path = AdministrativeSettingsTests.swift; sourceTree = "<group>"; };
		F08100000000000000000081 /* ReaderProgressContractTests.swift */ = {isa = PBXFileReference; lastKnownFileType = sourcecode.swift; path = ReaderProgressContractTests.swift; sourceTree = "<group>"; };
		F08200000000000000000082 /* ReaderPersistenceTests.swift */ = {isa = PBXFileReference; lastKnownFileType = sourcecode.swift; path = ReaderPersistenceTests.swift; sourceTree = "<group>"; };
		F08300000000000000000083 /* ReaderSecurityTests.swift */ = {isa = PBXFileReference; lastKnownFileType = sourcecode.swift; path = ReaderSecurityTests.swift; sourceTree = "<group>"; };
		F08900000000000000000089 /* MobiCoreTests.swift */ = {isa = PBXFileReference; lastKnownFileType = sourcecode.swift; path = MobiCoreTests.swift; sourceTree = "<group>"; };
		F16000000000000000000160 /* MobiPublicationFactoryTests.swift */ = {isa = PBXFileReference; lastKnownFileType = sourcecode.swift; path = MobiPublicationFactoryTests.swift; sourceTree = "<group>"; };
		F09000000000000000000090 /* 01-basic-mobi6.mobi */ = {isa = PBXFileReference; lastKnownFileType = file; name = "01-basic-mobi6.mobi"; path = "../../../test-data/library/mobi/01-basic-mobi6.mobi"; sourceTree = SOURCE_ROOT; };
		F09100000000000000000091 /* 11-upstream-huff-cdic.mobi */ = {isa = PBXFileReference; lastKnownFileType = file; name = "11-upstream-huff-cdic.mobi"; path = "../../../test-data/library/mobi/11-upstream-huff-cdic.mobi"; sourceTree = SOURCE_ROOT; };
		F09200000000000000000092 /* negative-synthetic-drm-header.mobi */ = {isa = PBXFileReference; lastKnownFileType = file; name = "negative-synthetic-drm-header.mobi"; path = "../../../test-data/library/mobi/negative-synthetic-drm-header.mobi"; sourceTree = SOURCE_ROOT; };
		F09300000000000000000093 /* negative-no-content.mobi */ = {isa = PBXFileReference; lastKnownFileType = file; name = "negative-no-content.mobi"; path = "../../../test-data/library/mobi/negative-no-content.mobi"; sourceTree = SOURCE_ROOT; };
		F09400000000000000000094 /* 01-basic-mobi6.abi-v1.snapshot */ = {isa = PBXFileReference; lastKnownFileType = text; name = "01-basic-mobi6.abi-v1.snapshot"; path = "../../../test-data/library/mobi/01-basic-mobi6.abi-v1.snapshot"; sourceTree = SOURCE_ROOT; };
		F09500000000000000000095 /* 11-upstream-huff-cdic.abi-v1.snapshot */ = {isa = PBXFileReference; lastKnownFileType = text; name = "11-upstream-huff-cdic.abi-v1.snapshot"; path = "../../../test-data/library/mobi/11-upstream-huff-cdic.abi-v1.snapshot"; sourceTree = SOURCE_ROOT; };
		F09600000000000000000096 /* negative-synthetic-kfx.kfx */ = {isa = PBXFileReference; lastKnownFileType = file; name = "negative-synthetic-kfx.kfx"; path = "../../../test-data/library/mobi/negative-synthetic-kfx.kfx"; sourceTree = SOURCE_ROOT; };
		F09700000000000000000097 /* negative-synthetic-azw4.azw4 */ = {isa = PBXFileReference; lastKnownFileType = file; name = "negative-synthetic-azw4.azw4"; path = "../../../test-data/library/mobi/negative-synthetic-azw4.azw4"; sourceTree = SOURCE_ROOT; };
		F09800000000000000000098 /* test.azw3 */ = {isa = PBXFileReference; lastKnownFileType = file; name = "test.azw3"; path = "../../../test-data/library/mobi/test.azw3"; sourceTree = SOURCE_ROOT; };
		F09900000000000000000099 /* 03-css.azw3 */ = {isa = PBXFileReference; lastKnownFileType = file; name = "03-css.azw3"; path = "../../../test-data/library/mobi/03-css.azw3"; sourceTree = SOURCE_ROOT; };
		F10000000000000000000100 /* 04-font.azw3 */ = {isa = PBXFileReference; lastKnownFileType = file; name = "04-font.azw3"; path = "../../../test-data/library/mobi/04-font.azw3"; sourceTree = SOURCE_ROOT; };
		F10100000000000000000101 /* 05-images.azw3 */ = {isa = PBXFileReference; lastKnownFileType = file; name = "05-images.azw3"; path = "../../../test-data/library/mobi/05-images.azw3"; sourceTree = SOURCE_ROOT; };
		F10200000000000000000102 /* 06-footnotes.azw3 */ = {isa = PBXFileReference; lastKnownFileType = file; name = "06-footnotes.azw3"; path = "../../../test-data/library/mobi/06-footnotes.azw3"; sourceTree = SOURCE_ROOT; };
		F10300000000000000000103 /* 07-complex-toc.azw3 */ = {isa = PBXFileReference; lastKnownFileType = file; name = "07-complex-toc.azw3"; path = "../../../test-data/library/mobi/07-complex-toc.azw3"; sourceTree = SOURCE_ROOT; };
		F10400000000000000000104 /* 08-zh-hans.azw3 */ = {isa = PBXFileReference; lastKnownFileType = file; name = "08-zh-hans.azw3"; path = "../../../test-data/library/mobi/08-zh-hans.azw3"; sourceTree = SOURCE_ROOT; };
		F10500000000000000000105 /* 09-ja-vertical.azw3 */ = {isa = PBXFileReference; lastKnownFileType = file; name = "09-ja-vertical.azw3"; path = "../../../test-data/library/mobi/09-ja-vertical.azw3"; sourceTree = SOURCE_ROOT; };
		F10600000000000000000106 /* 10-long-chapter.azw3 */ = {isa = PBXFileReference; lastKnownFileType = file; name = "10-long-chapter.azw3"; path = "../../../test-data/library/mobi/10-long-chapter.azw3"; sourceTree = SOURCE_ROOT; };
		F10700000000000000000107 /* 12-basic.prc */ = {isa = PBXFileReference; lastKnownFileType = file; name = "12-basic.prc"; path = "../../../test-data/library/mobi/12-basic.prc"; sourceTree = SOURCE_ROOT; };
		F10800000000000000000108 /* 13-basic.azw */ = {isa = PBXFileReference; lastKnownFileType = file; name = "13-basic.azw"; path = "../../../test-data/library/mobi/13-basic.azw"; sourceTree = SOURCE_ROOT; };
		F10900000000000000000109 /* negative-upstream-drm-v1.mobi */ = {isa = PBXFileReference; lastKnownFileType = file; name = "negative-upstream-drm-v1.mobi"; path = "../../../test-data/library/mobi/negative-upstream-drm-v1.mobi"; sourceTree = SOURCE_ROOT; };
		F11000000000000000000110 /* negative-truncated.mobi */ = {isa = PBXFileReference; lastKnownFileType = file; name = "negative-truncated.mobi"; path = "../../../test-data/library/mobi/negative-truncated.mobi"; sourceTree = SOURCE_ROOT; };
		F11100000000000000000111 /* negative-corrupt-record-offset.mobi */ = {isa = PBXFileReference; lastKnownFileType = file; name = "negative-corrupt-record-offset.mobi"; path = "../../../test-data/library/mobi/negative-corrupt-record-offset.mobi"; sourceTree = SOURCE_ROOT; };
		F11200000000000000000112 /* negative-pseudo.mobi */ = {isa = PBXFileReference; lastKnownFileType = file; name = "negative-pseudo.mobi"; path = "../../../test-data/library/mobi/negative-pseudo.mobi"; sourceTree = SOURCE_ROOT; };
		F80000000000000000000800 /* ErmaoLibrary.app */ = {isa = PBXFileReference; explicitFileType = wrapper.application; includeInIndex = 0; path = ErmaoLibrary.app; sourceTree = BUILT_PRODUCTS_DIR; };
		F80100000000000000000801 /* ErmaoLibraryTests.xctest */ = {isa = PBXFileReference; explicitFileType = wrapper.cfbundle; includeInIndex = 0; path = ErmaoLibraryTests.xctest; sourceTree = BUILT_PRODUCTS_DIR; };
		F80200000000000000000802 /* ErmaoLibraryUITests.xctest */ = {isa = PBXFileReference; explicitFileType = wrapper.cfbundle; includeInIndex = 0; path = ErmaoLibraryUITests.xctest; sourceTree = BUILT_PRODUCTS_DIR; };
		F90000000000000000000900 /* ErmaoShared.framework */ = {isa = PBXFileReference; explicitFileType = wrapper.framework; path = ErmaoShared.framework; sourceTree = BUILT_PRODUCTS_DIR; };
		E17400000000000000000174 /* DownloadModels.swift */ = {isa = PBXFileReference; lastKnownFileType = sourcecode.swift; path = DownloadModels.swift; sourceTree = "<group>"; };
		E17500000000000000000175 /* DownloadCenterStore.swift */ = {isa = PBXFileReference; lastKnownFileType = sourcecode.swift; path = DownloadCenterStore.swift; sourceTree = "<group>"; };
		E17600000000000000000176 /* DownloadCenterView.swift */ = {isa = PBXFileReference; lastKnownFileType = sourcecode.swift; path = DownloadCenterView.swift; sourceTree = "<group>"; };
		E17700000000000000000177 /* ManagedDownloadStore.swift */ = {isa = PBXFileReference; lastKnownFileType = sourcecode.swift; path = ManagedDownloadStore.swift; sourceTree = "<group>"; };
		E17800000000000000000178 /* SharedManagedDownloadTransfer.swift */ = {isa = PBXFileReference; lastKnownFileType = sourcecode.swift; path = SharedManagedDownloadTransfer.swift; sourceTree = "<group>"; };
		E13800000000000000000138 /* DownloadStoreTests.swift */ = {isa = PBXFileReference; lastKnownFileType = sourcecode.swift; path = DownloadStoreTests.swift; sourceTree = "<group>"; };
/* End PBXFileReference section */

/* Begin PBXFrameworksBuildPhase section */
		S00300000000000000000003 /* Frameworks */ = {
			isa = PBXFrameworksBuildPhase;
			buildActionMask = 2147483647;
			files = (
				B90000000000000000000900 /* ErmaoShared.framework in Frameworks */,
				BR0100000000000000000001 /* ReadiumShared in Frameworks */,
				BR0200000000000000000002 /* ReadiumStreamer in Frameworks */,
				BR0300000000000000000003 /* ReadiumNavigator in Frameworks */,
				BR0600000000000000000006 /* ReadiumAdapterGCDWebServer in Frameworks */,
				BR0500000000000000000005 /* ErmaoMobiCore in Frameworks */,
				B08700000000000000000087 /* libsqlite3.tbd in Frameworks */,
			);
			runOnlyForDeploymentPostprocessing = 0;
		};
		S00600000000000000000006 /* Frameworks */ = {
			isa = PBXFrameworksBuildPhase;
			buildActionMask = 2147483647;
			files = (
			);
			runOnlyForDeploymentPostprocessing = 0;
		};
		S00900000000000000000009 /* Frameworks */ = {
			isa = PBXFrameworksBuildPhase;
			buildActionMask = 2147483647;
			files = (
			);
			runOnlyForDeploymentPostprocessing = 0;
		};
/* End PBXFrameworksBuildPhase section */

/* Begin PBXGroup section */
		G00000000000000000000000 = {
			isa = PBXGroup;
			children = (
				G10000000000000000000100 /* ErmaoLibrary */,
				G10100000000000000000101 /* ErmaoLibraryTests */,
				G10200000000000000000102 /* ErmaoLibraryUITests */,
				G20000000000000000000200 /* Frameworks */,
				G20100000000000000000201 /* Products */,
			);
			sourceTree = "<group>";
		};
		G10000000000000000000100 /* ErmaoLibrary */ = {
			isa = PBXGroup;
			children = (
				F00100000000000000000001 /* ErmaoLibraryApp.swift */,
				G11000000000000000000110 /* Application */,
				G11100000000000000000111 /* Design */,
				G11200000000000000000112 /* Features */,
				G11500000000000000000115 /* Persistence */,
				G11600000000000000000116 /* Resources */,
			);
			path = ErmaoLibrary;
			sourceTree = "<group>";
		};
		G10100000000000000000101 /* ErmaoLibraryTests */ = {
			isa = PBXGroup;
			children = (
				F03000000000000000000030 /* SessionStoreTests.swift */,
				F03100000000000000000031 /* PersistenceTests.swift */,
				F03200000000000000000032 /* LocalizationTests.swift */,
				F03300000000000000000033 /* NavigationThemeTests.swift */,
				F03400000000000000000034 /* ContentStoreTests.swift */,
				F03600000000000000000036 /* MeSettingsTests.swift */,
				F03700000000000000000037 /* AdministrativeSettingsTests.swift */,
				F08100000000000000000081 /* ReaderProgressContractTests.swift */,
				F08200000000000000000082 /* ReaderPersistenceTests.swift */,
				F08300000000000000000083 /* ReaderSecurityTests.swift */,
				F08900000000000000000089 /* MobiCoreTests.swift */,
				F16000000000000000000160 /* MobiPublicationFactoryTests.swift */,
				F18300000000000000000183 /* CbzPublicationTests.swift */,
				F18700000000000000000187 /* PdfReaderTests.swift */,
				E13800000000000000000138 /* DownloadStoreTests.swift */,
				F09000000000000000000090 /* 01-basic-mobi6.mobi */,
				F09100000000000000000091 /* 11-upstream-huff-cdic.mobi */,
				F09200000000000000000092 /* negative-synthetic-drm-header.mobi */,
				F09300000000000000000093 /* negative-no-content.mobi */,
				F09400000000000000000094 /* 01-basic-mobi6.abi-v1.snapshot */,
				F09500000000000000000095 /* 11-upstream-huff-cdic.abi-v1.snapshot */,
				F09600000000000000000096 /* negative-synthetic-kfx.kfx */,
				F09700000000000000000097 /* negative-synthetic-azw4.azw4 */,
				F09800000000000000000098 /* test.azw3 */,
				F09900000000000000000099 /* 03-css.azw3 */,
				F10000000000000000000100 /* 04-font.azw3 */,
				F10100000000000000000101 /* 05-images.azw3 */,
				F10200000000000000000102 /* 06-footnotes.azw3 */,
				F10300000000000000000103 /* 07-complex-toc.azw3 */,
				F10400000000000000000104 /* 08-zh-hans.azw3 */,
				F10500000000000000000105 /* 09-ja-vertical.azw3 */,
				F10600000000000000000106 /* 10-long-chapter.azw3 */,
				F10700000000000000000107 /* 12-basic.prc */,
				F10800000000000000000108 /* 13-basic.azw */,
				F10900000000000000000109 /* negative-upstream-drm-v1.mobi */,
				F11000000000000000000110 /* negative-truncated.mobi */,
				F11100000000000000000111 /* negative-corrupt-record-offset.mobi */,
				F11200000000000000000112 /* negative-pseudo.mobi */,
			);
			path = ErmaoLibraryTests;
			sourceTree = "<group>";
		};
		G10200000000000000000102 /* ErmaoLibraryUITests */ = {
			isa = PBXGroup;
			children = (
				F03500000000000000000035 /* ContentDiscoveryUITests.swift */,
			);
			path = ErmaoLibraryUITests;
			sourceTree = "<group>";
		};
		G11000000000000000000110 /* Application */ = {
			isa = PBXGroup;
			children = (
				F00200000000000000000002 /* MobileRuntimeClient.swift */,
				F00300000000000000000003 /* SessionStore.swift */,
				F00400000000000000000004 /* PreviewMobileRuntime.swift */,
				F00500000000000000000005 /* AppRootView.swift */,
				F01700000000000000000017 /* SharedRuntimeAdapter.swift */,
				F04000000000000000000040 /* ContentClient.swift */,
				F04100000000000000000041 /* ContentStores.swift */,
				F15600000000000000000156 /* ReaderProgressPresentationCenter.swift */,
				F04800000000000000000048 /* SharedContentClient.swift */,
				F04800000000000000000049 /* SharedShelfClient.swift */,
				F04900000000000000000049 /* ContentUITestFixture.swift */,
			);
			path = Application;
			sourceTree = "<group>";
		};
		G11100000000000000000111 /* Design */ = {
			isa = PBXGroup;
			children = (
				F00600000000000000000006 /* AppTheme.swift */,
				F00700000000000000000007 /* BrandedControls.swift */,
				F01800000000000000000018 /* GeneratedDesignTokens.swift */,
				F04200000000000000000042 /* ContentComponents.swift */,
			);
			path = Design;
			sourceTree = "<group>";
		};
		G11200000000000000000112 /* Features */ = {
			isa = PBXGroup;
			children = (
				G11300000000000000000113 /* Server */,
				G11400000000000000000114 /* Auth */,
				G11700000000000000000117 /* Shell */,
				G11800000000000000000118 /* Home */,
				G11900000000000000000119 /* Library */,
				G12000000000000000000120 /* Work */,
				G12100000000000000000121 /* Me */,
				G12200000000000000000122 /* AdministrativeSettings */,
				G12300000000000000000123 /* Reader */,
				C12300000000000000000123 /* Downloads */,
			);
			path = Features;
			sourceTree = "<group>";
		};
		G11300000000000000000113 /* Server */ = {
			isa = PBXGroup;
			children = (
				F00800000000000000000008 /* ServerFlowView.swift */,
				F00900000000000000000009 /* AddServerView.swift */,
				F01000000000000000000010 /* TLSRiskView.swift */,
				F01100000000000000000011 /* IncompatibleServerView.swift */,
				F01200000000000000000012 /* SetupRequiredView.swift */,
			);
			path = Server;
			sourceTree = "<group>";
		};
		G11400000000000000000114 /* Auth */ = {
			isa = PBXGroup;
			children = (
				F01300000000000000000013 /* LoginView.swift */,
			);
			path = Auth;
			sourceTree = "<group>";
		};
		G11500000000000000000115 /* Persistence */ = {
			isa = PBXGroup;
			children = (
				F01500000000000000000015 /* KeychainCookiePayloadStore.swift */,
				F01600000000000000000016 /* UserDefaultsServerProfileStore.swift */,
				F04300000000000000000043 /* LibraryCacheStore.swift */,
				E17700000000000000000177 /* ManagedDownloadStore.swift */,
			);
			path = Persistence;
			sourceTree = "<group>";
		};
		G11600000000000000000116 /* Resources */ = {
			isa = PBXGroup;
			children = (
				F02000000000000000000020 /* Assets.xcassets */,
				F02100000000000000000021 /* Localizable.xcstrings */,
				F02200000000000000000022 /* PrivacyInfo.xcprivacy */,
				F12400000000000000000124 /* ReaderFonts */,
				F02300000000000000000023 /* Info.plist */,
			);
			path = Resources;
			sourceTree = "<group>";
		};
		G11700000000000000000117 /* Shell */ = {
			isa = PBXGroup;
			children = (
				F01400000000000000000014 /* MainTabView.swift */,
			);
			path = Shell;
			sourceTree = "<group>";
		};
		G11800000000000000000118 /* Home */ = {
			isa = PBXGroup;
			children = (
				F04400000000000000000044 /* HomeView.swift */,
			);
			path = Home;
			sourceTree = "<group>";
		};
		G11900000000000000000119 /* Library */ = {
			isa = PBXGroup;
			children = (
				F04500000000000000000045 /* LibraryView.swift */,
				F04600000000000000000046 /* FacetView.swift */,
			);
			path = Library;
			sourceTree = "<group>";
		};
		G12000000000000000000120 /* Work */ = {
			isa = PBXGroup;
			children = (
				F04700000000000000000047 /* WorkDetailView.swift */,
			);
			path = Work;
			sourceTree = "<group>";
		};
		G12100000000000000000121 /* Me */ = {
			isa = PBXGroup;
			children = (
				F05000000000000000000050 /* SettingsModels.swift */,
				F05100000000000000000051 /* AvatarImageProcessor.swift */,
				F05200000000000000000052 /* SettingsViewModel.swift */,
				F05300000000000000000053 /* SettingsComponents.swift */,
				F05400000000000000000054 /* MeRootView.swift */,
				F05500000000000000000055 /* ProfileSettingsView.swift */,
				F05600000000000000000056 /* SecuritySettingsView.swift */,
				F05700000000000000000057 /* LanguageSettingsView.swift */,
				F05800000000000000000058 /* AboutSettingsView.swift */,
				F05900000000000000000059 /* SharedSettingsClient.swift */,
			);
			path = Me;
			sourceTree = "<group>";
		};
		G12200000000000000000122 /* AdministrativeSettings */ = {
			isa = PBXGroup;
			children = (
				F06000000000000000000060 /* AdministrativeManagementView.swift */,
				F06100000000000000000061 /* AdministrativeSettingsClient.swift */,
				F06200000000000000000062 /* AdministrativeSettingsComponents.swift */,
				F06300000000000000000063 /* AdministrativeSettingsCopy.swift */,
				F06400000000000000000064 /* AdministrativeSettingsModels.swift */,
				F06500000000000000000065 /* AdministrativeSettingsStore.swift */,
				F06600000000000000000066 /* LibrarySettingsViews.swift */,
				F06700000000000000000067 /* MessagingSettingsViews.swift */,
				F06800000000000000000068 /* MetadataSettingsViews.swift */,
				F06900000000000000000069 /* OrganizationSettingsViews.swift */,
				F07000000000000000000070 /* SharedAdministrativeSettingsClient.swift */,
				F07100000000000000000071 /* SharedAdministrativeSettingsMapping.swift */,
				F07200000000000000000072 /* SystemSettingsViews.swift */,
				F07300000000000000000073 /* UserSettingsViews.swift */,
			);
			path = AdministrativeSettings;
			sourceTree = "<group>";
		};
		G12300000000000000000123 /* Reader */ = {
			isa = PBXGroup;
			children = (
				F07400000000000000000074 /* IosReaderModels.swift */,
				F07500000000000000000075 /* IosManagedPublicationStore.swift */,
				F07600000000000000000076 /* IosReaderProgressStore.swift */,
				F07700000000000000000077 /* ReadiumSwiftLocatorMapper.swift */,
				F07800000000000000000078 /* IosReadiumRuntime.swift */,
				F07900000000000000000079 /* IosEpubReaderSession.swift */,
				F08000000000000000000080 /* IosEpubReaderView.swift */,
				F08400000000000000000084 /* IosReaderLocalDatabase.swift */,
				F08500000000000000000085 /* IosPublicationDownloadSink.swift */,
				F08600000000000000000086 /* IosReaderComposition.swift */,
				F08800000000000000000088 /* IosMobiCore.swift */,
				F15700000000000000000157 /* IosMobiContentSanitizer.swift */,
				F15800000000000000000158 /* IosMobiLazyContainer.swift */,
				F15900000000000000000159 /* IosMobiPublicationFactory.swift */,
				F17600000000000000000176 /* IosTxtPublicationFactory.swift */,
				F18000000000000000000180 /* IosCbzPublicationFactory.swift */,
				F18100000000000000000181 /* IosComicReaderSession.swift */,
				F18200000000000000000182 /* IosComicReaderView.swift */,
				F18400000000000000000184 /* IosPdfReaderSession.swift */,
				F18500000000000000000185 /* IosPdfReaderView.swift */,
				F18600000000000000000186 /* IosPdfPageCountStore.swift */,
			);
			path = Reader;
			sourceTree = "<group>";
		};
		C12300000000000000000123 /* Downloads */ = {
			isa = PBXGroup;
			children = (
				E17400000000000000000174 /* DownloadModels.swift */,
				E17500000000000000000175 /* DownloadCenterStore.swift */,
				E17600000000000000000176 /* DownloadCenterView.swift */,
				E17800000000000000000178 /* SharedManagedDownloadTransfer.swift */,
			);
			path = Downloads;
			sourceTree = "<group>";
		};
		G20000000000000000000200 /* Frameworks */ = {
			isa = PBXGroup;
			children = (
				F90000000000000000000900 /* ErmaoShared.framework */,
				F08700000000000000000087 /* libsqlite3.tbd */,
			);
			name = Frameworks;
			sourceTree = "<group>";
		};
		G20100000000000000000201 /* Products */ = {
			isa = PBXGroup;
			children = (
				F80000000000000000000800 /* ErmaoLibrary.app */,
				F80100000000000000000801 /* ErmaoLibraryTests.xctest */,
				F80200000000000000000802 /* ErmaoLibraryUITests.xctest */,
			);
			name = Products;
			sourceTree = "<group>";
		};
/* End PBXGroup section */

/* Begin PBXNativeTarget section */
		T00100000000000000000001 /* ErmaoLibrary */ = {
			isa = PBXNativeTarget;
			buildConfigurationList = L10100000000000000000101 /* Build configuration list for PBXNativeTarget "ErmaoLibrary" */;
			buildPhases = (
				S00100000000000000000001 /* Build KMP Framework and Design Tokens */,
				S00200000000000000000002 /* Sources */,
				S00300000000000000000003 /* Frameworks */,
				S00400000000000000000004 /* Resources */,
			);
			buildRules = (
			);
			dependencies = (
			);
			name = ErmaoLibrary;
			packageProductDependencies = (
				PR0100000000000000000001 /* ReadiumShared */,
				PR0200000000000000000002 /* ReadiumStreamer */,
				PR0300000000000000000003 /* ReadiumNavigator */,
				PR0600000000000000000006 /* ReadiumAdapterGCDWebServer */,
				PR0500000000000000000005 /* ErmaoMobiCore */,
			);
			productName = ErmaoLibrary;
			productReference = F80000000000000000000800 /* ErmaoLibrary.app */;
			productType = "com.apple.product-type.application";
		};
		T00200000000000000000002 /* ErmaoLibraryTests */ = {
			isa = PBXNativeTarget;
			buildConfigurationList = L10200000000000000000102 /* Build configuration list for PBXNativeTarget "ErmaoLibraryTests" */;
			buildPhases = (
				S00500000000000000000005 /* Sources */,
				S00600000000000000000006 /* Frameworks */,
				S00700000000000000000007 /* Resources */,
			);
			buildRules = (
			);
			dependencies = (
				D00100000000000000000001 /* PBXTargetDependency */,
			);
			name = ErmaoLibraryTests;
			productName = ErmaoLibraryTests;
			productReference = F80100000000000000000801 /* ErmaoLibraryTests.xctest */;
			productType = "com.apple.product-type.bundle.unit-test";
		};
		T00300000000000000000003 /* ErmaoLibraryUITests */ = {
			isa = PBXNativeTarget;
			buildConfigurationList = L10300000000000000000103 /* Build configuration list for PBXNativeTarget "ErmaoLibraryUITests" */;
			buildPhases = (
				S00800000000000000000008 /* Sources */,
				S00900000000000000000009 /* Frameworks */,
				S01000000000000000000010 /* Resources */,
			);
			buildRules = (
			);
			dependencies = (
				D00200000000000000000002 /* PBXTargetDependency */,
			);
			name = ErmaoLibraryUITests;
			productName = ErmaoLibraryUITests;
			productReference = F80200000000000000000802 /* ErmaoLibraryUITests.xctest */;
			productType = "com.apple.product-type.bundle.ui-testing";
		};
/* End PBXNativeTarget section */

/* Begin PBXProject section */
		P00100000000000000000001 /* Project object */ = {
			isa = PBXProject;
			attributes = {
				BuildIndependentTargetsInParallel = 1;
				LastSwiftUpdateCheck = 2640;
				LastUpgradeCheck = 2640;
				TargetAttributes = {
					T00100000000000000000001 = {
						CreatedOnToolsVersion = 26.4;
					};
					T00200000000000000000002 = {
						CreatedOnToolsVersion = 26.4;
						TestTargetID = T00100000000000000000001;
					};
					T00300000000000000000003 = {
						CreatedOnToolsVersion = 26.4;
						TestTargetID = T00100000000000000000001;
					};
				};
			};
			buildConfigurationList = L10000000000000000000100 /* Build configuration list for PBXProject "ErmaoLibrary" */;
			compatibilityVersion = "Xcode 15.0";
			developmentRegion = en;
			hasScannedForEncodings = 0;
			knownRegions = (
				en,
				Base,
				"zh-Hans",
			);
			mainGroup = G00000000000000000000000;
			packageReferences = (
				PK0100000000000000000001 /* XCRemoteSwiftPackageReference "swift-toolkit 3.8.0" */,
				PK0300000000000000000003 /* XCLocalSwiftPackageReference "../native/mobi-core" */,
			);
			productRefGroup = G20100000000000000000201 /* Products */;
			projectDirPath = "";
			projectRoot = "";
			targets = (
				T00100000000000000000001 /* ErmaoLibrary */,
				T00200000000000000000002 /* ErmaoLibraryTests */,
				T00300000000000000000003 /* ErmaoLibraryUITests */,
			);
		};
/* End PBXProject section */

/* Begin PBXResourcesBuildPhase section */
		S00400000000000000000004 /* Resources */ = {
			isa = PBXResourcesBuildPhase;
			buildActionMask = 2147483647;
			files = (
				B02000000000000000000020 /* Assets.xcassets in Resources */,
				B02100000000000000000021 /* Localizable.xcstrings in Resources */,
				B02200000000000000000022 /* PrivacyInfo.xcprivacy in Resources */,
				B12400000000000000000124 /* ReaderFonts in Resources */,
			);
			runOnlyForDeploymentPostprocessing = 0;
		};
		S00700000000000000000007 /* Resources */ = {
			isa = PBXResourcesBuildPhase;
			buildActionMask = 2147483647;
			files = (
				B09000000000000000000090 /* 01-basic-mobi6.mobi in Resources */,
				B09100000000000000000091 /* 11-upstream-huff-cdic.mobi in Resources */,
				B09200000000000000000092 /* negative-synthetic-drm-header.mobi in Resources */,
				B09300000000000000000093 /* negative-no-content.mobi in Resources */,
				B09400000000000000000094 /* 01-basic-mobi6.abi-v1.snapshot in Resources */,
				B09500000000000000000095 /* 11-upstream-huff-cdic.abi-v1.snapshot in Resources */,
				B09600000000000000000096 /* negative-synthetic-kfx.kfx in Resources */,
				B09700000000000000000097 /* negative-synthetic-azw4.azw4 in Resources */,
				B09800000000000000000098 /* test.azw3 in Resources */,
				B09900000000000000000099 /* 03-css.azw3 in Resources */,
				B10000000000000000000100 /* 04-font.azw3 in Resources */,
				B10100000000000000000101 /* 05-images.azw3 in Resources */,
				B10200000000000000000102 /* 06-footnotes.azw3 in Resources */,
				B10300000000000000000103 /* 07-complex-toc.azw3 in Resources */,
				B10400000000000000000104 /* 08-zh-hans.azw3 in Resources */,
				B10500000000000000000105 /* 09-ja-vertical.azw3 in Resources */,
				B10600000000000000000106 /* 10-long-chapter.azw3 in Resources */,
				B10700000000000000000107 /* 12-basic.prc in Resources */,
				B10800000000000000000108 /* 13-basic.azw in Resources */,
				B10900000000000000000109 /* negative-upstream-drm-v1.mobi in Resources */,
				B11000000000000000000110 /* negative-truncated.mobi in Resources */,
				B11100000000000000000111 /* negative-corrupt-record-offset.mobi in Resources */,
				B11200000000000000000112 /* negative-pseudo.mobi in Resources */,
			);
			runOnlyForDeploymentPostprocessing = 0;
		};
		S01000000000000000000010 /* Resources */ = {
			isa = PBXResourcesBuildPhase;
			buildActionMask = 2147483647;
			files = (
			);
			runOnlyForDeploymentPostprocessing = 0;
		};
/* End PBXResourcesBuildPhase section */

/* Begin PBXShellScriptBuildPhase section */
		S00100000000000000000001 /* Build KMP Framework and Design Tokens */ = {
			isa = PBXShellScriptBuildPhase;
			alwaysOutOfDate = 1;
			buildActionMask = 2147483647;
			files = (
			);
			inputFileListPaths = (
			);
			inputPaths = (
				"$(SRCROOT)/../design/tokens.json",
			);
			name = "Build KMP Framework and Design Tokens";
			outputFileListPaths = (
			);
			outputPaths = (
				"$(SRCROOT)/../build/generated/design-tokens/swift/GeneratedDesignTokens.swift",
			);
			runOnlyForDeploymentPostprocessing = 0;
			shellPath = /bin/sh;
			shellScript = "set -euo pipefail\ncd \"$SRCROOT/..\"\n./gradlew generateDesignTokens :shared:embedAndSignAppleFrameworkForXcode\n";
		};
/* End PBXShellScriptBuildPhase section */

/* Begin PBXSourcesBuildPhase section */
		S00200000000000000000002 /* Sources */ = {
			isa = PBXSourcesBuildPhase;
			buildActionMask = 2147483647;
			files = (
				B00100000000000000000001 /* ErmaoLibraryApp.swift in Sources */,
				B00200000000000000000002 /* MobileRuntimeClient.swift in Sources */,
				B00300000000000000000003 /* SessionStore.swift in Sources */,
				B00400000000000000000004 /* PreviewMobileRuntime.swift in Sources */,
				B00500000000000000000005 /* AppRootView.swift in Sources */,
				B00600000000000000000006 /* AppTheme.swift in Sources */,
				B00700000000000000000007 /* BrandedControls.swift in Sources */,
				B00800000000000000000008 /* ServerFlowView.swift in Sources */,
				B00900000000000000000009 /* AddServerView.swift in Sources */,
				B01000000000000000000010 /* TLSRiskView.swift in Sources */,
				B01100000000000000000011 /* IncompatibleServerView.swift in Sources */,
				B01200000000000000000012 /* SetupRequiredView.swift in Sources */,
				B01300000000000000000013 /* LoginView.swift in Sources */,
				B01400000000000000000014 /* MainTabView.swift in Sources */,
				B01500000000000000000015 /* KeychainCookiePayloadStore.swift in Sources */,
				B01600000000000000000016 /* UserDefaultsServerProfileStore.swift in Sources */,
				B01700000000000000000017 /* SharedRuntimeAdapter.swift in Sources */,
				B01800000000000000000018 /* GeneratedDesignTokens.swift in Sources */,
				B04000000000000000000040 /* ContentClient.swift in Sources */,
				B04100000000000000000041 /* ContentStores.swift in Sources */,
				B15600000000000000000156 /* ReaderProgressPresentationCenter.swift in Sources */,
				B04200000000000000000042 /* ContentComponents.swift in Sources */,
				B04300000000000000000043 /* LibraryCacheStore.swift in Sources */,
				B04400000000000000000044 /* HomeView.swift in Sources */,
				B04500000000000000000045 /* LibraryView.swift in Sources */,
				B04600000000000000000046 /* FacetView.swift in Sources */,
				B04700000000000000000047 /* WorkDetailView.swift in Sources */,
				B04800000000000000000048 /* SharedContentClient.swift in Sources */,
				B04800000000000000000049 /* SharedShelfClient.swift in Sources */,
				B04900000000000000000049 /* ContentUITestFixture.swift in Sources */,
				B05000000000000000000050 /* SettingsModels.swift in Sources */,
				B05100000000000000000051 /* AvatarImageProcessor.swift in Sources */,
				B05200000000000000000052 /* SettingsViewModel.swift in Sources */,
				B05300000000000000000053 /* SettingsComponents.swift in Sources */,
				B05400000000000000000054 /* MeRootView.swift in Sources */,
				B05500000000000000000055 /* ProfileSettingsView.swift in Sources */,
				B05600000000000000000056 /* SecuritySettingsView.swift in Sources */,
				B05700000000000000000057 /* LanguageSettingsView.swift in Sources */,
				B05800000000000000000058 /* AboutSettingsView.swift in Sources */,
				B05900000000000000000059 /* SharedSettingsClient.swift in Sources */,
				B06000000000000000000060 /* AdministrativeManagementView.swift in Sources */,
				B06100000000000000000061 /* AdministrativeSettingsClient.swift in Sources */,
				B06200000000000000000062 /* AdministrativeSettingsComponents.swift in Sources */,
				B06300000000000000000063 /* AdministrativeSettingsCopy.swift in Sources */,
				B06400000000000000000064 /* AdministrativeSettingsModels.swift in Sources */,
				B06500000000000000000065 /* AdministrativeSettingsStore.swift in Sources */,
				B06600000000000000000066 /* LibrarySettingsViews.swift in Sources */,
				B06700000000000000000067 /* MessagingSettingsViews.swift in Sources */,
				B06800000000000000000068 /* MetadataSettingsViews.swift in Sources */,
				B06900000000000000000069 /* OrganizationSettingsViews.swift in Sources */,
				B07000000000000000000070 /* SharedAdministrativeSettingsClient.swift in Sources */,
				B07100000000000000000071 /* SharedAdministrativeSettingsMapping.swift in Sources */,
				B07200000000000000000072 /* SystemSettingsViews.swift in Sources */,
				B07300000000000000000073 /* UserSettingsViews.swift in Sources */,
				B07400000000000000000074 /* IosReaderModels.swift in Sources */,
				B07500000000000000000075 /* IosManagedPublicationStore.swift in Sources */,
				B07600000000000000000076 /* IosReaderProgressStore.swift in Sources */,
				B07700000000000000000077 /* ReadiumSwiftLocatorMapper.swift in Sources */,
				B07800000000000000000078 /* IosReadiumRuntime.swift in Sources */,
				B07900000000000000000079 /* IosEpubReaderSession.swift in Sources */,
				B08000000000000000000080 /* IosEpubReaderView.swift in Sources */,
				B08400000000000000000084 /* IosReaderLocalDatabase.swift in Sources */,
				B08500000000000000000085 /* IosPublicationDownloadSink.swift in Sources */,
				B08600000000000000000086 /* IosReaderComposition.swift in Sources */,
				B08800000000000000000088 /* IosMobiCore.swift in Sources */,
				B15700000000000000000157 /* IosMobiContentSanitizer.swift in Sources */,
				B15800000000000000000158 /* IosMobiLazyContainer.swift in Sources */,
				B15900000000000000000159 /* IosMobiPublicationFactory.swift in Sources */,
				B17600000000000000000176 /* IosTxtPublicationFactory.swift in Sources */,
				B18000000000000000000180 /* IosCbzPublicationFactory.swift in Sources */,
				B18100000000000000000181 /* IosComicReaderSession.swift in Sources */,
				B18200000000000000000182 /* IosComicReaderView.swift in Sources */,
				B18400000000000000000184 /* IosPdfReaderSession.swift in Sources */,
				B18500000000000000000185 /* IosPdfReaderView.swift in Sources */,
				B18600000000000000000186 /* IosPdfPageCountStore.swift in Sources */,
				A17400000000000000000174 /* DownloadModels.swift in Sources */,
				A17500000000000000000175 /* DownloadCenterStore.swift in Sources */,
				A17600000000000000000176 /* DownloadCenterView.swift in Sources */,
				A17700000000000000000177 /* ManagedDownloadStore.swift in Sources */,
				A17800000000000000000178 /* SharedManagedDownloadTransfer.swift in Sources */,
			);
			runOnlyForDeploymentPostprocessing = 0;
		};
		S00500000000000000000005 /* Sources */ = {
			isa = PBXSourcesBuildPhase;
			buildActionMask = 2147483647;
			files = (
				B03000000000000000000030 /* SessionStoreTests.swift in Sources */,
				B03100000000000000000031 /* PersistenceTests.swift in Sources */,
				B03200000000000000000032 /* LocalizationTests.swift in Sources */,
				B03300000000000000000033 /* NavigationThemeTests.swift in Sources */,
				B03400000000000000000034 /* ContentStoreTests.swift in Sources */,
				B03600000000000000000036 /* MeSettingsTests.swift in Sources */,
				B03700000000000000000037 /* AdministrativeSettingsTests.swift in Sources */,
				B08100000000000000000081 /* ReaderProgressContractTests.swift in Sources */,
				B08200000000000000000082 /* ReaderPersistenceTests.swift in Sources */,
				B08300000000000000000083 /* ReaderSecurityTests.swift in Sources */,
				B08900000000000000000089 /* MobiCoreTests.swift in Sources */,
				B16000000000000000000160 /* MobiPublicationFactoryTests.swift in Sources */,
				B18300000000000000000183 /* CbzPublicationTests.swift in Sources */,
				B18700000000000000000187 /* PdfReaderTests.swift in Sources */,
				A13800000000000000000138 /* DownloadStoreTests.swift in Sources */,
			);
			runOnlyForDeploymentPostprocessing = 0;
		};
		S00800000000000000000008 /* Sources */ = {
			isa = PBXSourcesBuildPhase;
			buildActionMask = 2147483647;
			files = (
				B03500000000000000000035 /* ContentDiscoveryUITests.swift in Sources */,
			);
			runOnlyForDeploymentPostprocessing = 0;
		};
/* End PBXSourcesBuildPhase section */

/* Begin PBXTargetDependency section */
		D00100000000000000000001 /* PBXTargetDependency */ = {
			isa = PBXTargetDependency;
			target = T00100000000000000000001 /* ErmaoLibrary */;
			targetProxy = X00100000000000000000001 /* PBXContainerItemProxy */;
		};
		D00200000000000000000002 /* PBXTargetDependency */ = {
			isa = PBXTargetDependency;
			target = T00100000000000000000001 /* ErmaoLibrary */;
			targetProxy = X00200000000000000000002 /* PBXContainerItemProxy */;
		};
/* End PBXTargetDependency section */

/* Begin XCBuildConfiguration section */
		C10000000000000000000100 /* Debug */ = {
			isa = XCBuildConfiguration;
			buildSettings = {
				CLANG_ANALYZER_NONNULL = YES;
				CLANG_ENABLE_MODULES = YES;
				CLANG_ENABLE_OBJC_ARC = YES;
				DEBUG_INFORMATION_FORMAT = dwarf;
				ENABLE_TESTABILITY = YES;
				GCC_C_LANGUAGE_STANDARD = gnu17;
				GCC_NO_COMMON_BLOCKS = YES;
				GCC_WARN_64_TO_32_BIT_CONVERSION = YES;
				GCC_WARN_ABOUT_RETURN_TYPE = YES_ERROR;
				GCC_WARN_UNDECLARED_SELECTOR = YES;
				GCC_WARN_UNINITIALIZED_AUTOS = YES_AGGRESSIVE;
				GCC_WARN_UNUSED_FUNCTION = YES;
				GCC_WARN_UNUSED_VARIABLE = YES;
				MTL_ENABLE_DEBUG_INFO = INCLUDE_SOURCE;
				ONLY_ACTIVE_ARCH = YES;
				SDKROOT = iphoneos;
				SWIFT_ACTIVE_COMPILATION_CONDITIONS = "DEBUG $(inherited)";
				SWIFT_OPTIMIZATION_LEVEL = "-Onone";
			};
			name = Debug;
		};
		C10100000000000000000101 /* Release */ = {
			isa = XCBuildConfiguration;
			buildSettings = {
				CLANG_ANALYZER_NONNULL = YES;
				CLANG_ENABLE_MODULES = YES;
				CLANG_ENABLE_OBJC_ARC = YES;
				DEBUG_INFORMATION_FORMAT = "dwarf-with-dsym";
				ENABLE_NS_ASSERTIONS = NO;
				GCC_C_LANGUAGE_STANDARD = gnu17;
				GCC_NO_COMMON_BLOCKS = YES;
				GCC_WARN_64_TO_32_BIT_CONVERSION = YES;
				GCC_WARN_ABOUT_RETURN_TYPE = YES_ERROR;
				GCC_WARN_UNDECLARED_SELECTOR = YES;
				GCC_WARN_UNINITIALIZED_AUTOS = YES_AGGRESSIVE;
				GCC_WARN_UNUSED_FUNCTION = YES;
				GCC_WARN_UNUSED_VARIABLE = YES;
				MTL_ENABLE_DEBUG_INFO = NO;
				SDKROOT = iphoneos;
				SWIFT_COMPILATION_MODE = wholemodule;
				VALIDATE_PRODUCT = YES;
			};
			name = Release;
		};
		C11000000000000000000110 /* Debug */ = {
			isa = XCBuildConfiguration;
			buildSettings = {
				ASSETCATALOG_COMPILER_APPICON_NAME = AppIcon;
				CODE_SIGN_STYLE = Automatic;
				CURRENT_PROJECT_VERSION = 1;
				DEVELOPMENT_TEAM = W5G54L42KQ;
				ENABLE_PREVIEWS = NO;
				ENABLE_USER_SCRIPT_SANDBOXING = NO;
				FRAMEWORK_SEARCH_PATHS = (
					"$(inherited)",
					"$(BUILT_PRODUCTS_DIR)",
				);
				GENERATE_INFOPLIST_FILE = NO;
				INFOPLIST_FILE = ErmaoLibrary/Resources/Info.plist;
				IPHONEOS_DEPLOYMENT_TARGET = 16.0;
				LD_RUNPATH_SEARCH_PATHS = (
					"$(inherited)",
					"@executable_path/Frameworks",
				);
				MARKETING_VERSION = 0.1.0;
				PRODUCT_BUNDLE_IDENTIFIER = com.ermao.library;
				PRODUCT_NAME = "$(TARGET_NAME)";
				SUPPORTED_PLATFORMS = iphoneos;
				SUPPORTS_MACCATALYST = NO;
				SUPPORTS_MAC_DESIGNED_FOR_IPHONE_IPAD = NO;
				SWIFT_EMIT_LOC_STRINGS = YES;
				SWIFT_STRICT_CONCURRENCY = complete;
				SWIFT_VERSION = 6.0;
				TARGETED_DEVICE_FAMILY = "1,2";
			};
			name = Debug;
		};
		C11100000000000000000111 /* Release */ = {
			isa = XCBuildConfiguration;
			buildSettings = {
				ASSETCATALOG_COMPILER_APPICON_NAME = AppIcon;
				CODE_SIGN_STYLE = Automatic;
				CURRENT_PROJECT_VERSION = 1;
				DEVELOPMENT_TEAM = W5G54L42KQ;
				ENABLE_PREVIEWS = NO;
				ENABLE_USER_SCRIPT_SANDBOXING = NO;
				FRAMEWORK_SEARCH_PATHS = (
					"$(inherited)",
					"$(BUILT_PRODUCTS_DIR)",
				);
				GENERATE_INFOPLIST_FILE = NO;
				INFOPLIST_FILE = ErmaoLibrary/Resources/Info.plist;
				IPHONEOS_DEPLOYMENT_TARGET = 16.0;
				LD_RUNPATH_SEARCH_PATHS = (
					"$(inherited)",
					"@executable_path/Frameworks",
				);
				MARKETING_VERSION = 0.1.0;
				PRODUCT_BUNDLE_IDENTIFIER = com.ermao.library;
				PRODUCT_NAME = "$(TARGET_NAME)";
				SUPPORTED_PLATFORMS = iphoneos;
				SUPPORTS_MACCATALYST = NO;
				SUPPORTS_MAC_DESIGNED_FOR_IPHONE_IPAD = NO;
				SWIFT_EMIT_LOC_STRINGS = YES;
				SWIFT_STRICT_CONCURRENCY = complete;
				SWIFT_VERSION = 6.0;
				TARGETED_DEVICE_FAMILY = "1,2";
			};
			name = Release;
		};
		C12000000000000000000120 /* Debug */ = {
			isa = XCBuildConfiguration;
			buildSettings = {
				BUNDLE_LOADER = "$(TEST_HOST)";
				CODE_SIGN_STYLE = Automatic;
				DEVELOPMENT_TEAM = W5G54L42KQ;
				GENERATE_INFOPLIST_FILE = YES;
				IPHONEOS_DEPLOYMENT_TARGET = 16.0;
				PRODUCT_BUNDLE_IDENTIFIER = com.ermao.library.tests;
				PRODUCT_NAME = "$(TARGET_NAME)";
				SUPPORTED_PLATFORMS = iphoneos;
				SWIFT_STRICT_CONCURRENCY = complete;
				SWIFT_VERSION = 6.0;
				TARGETED_DEVICE_FAMILY = "1,2";
				TEST_HOST = "$(BUILT_PRODUCTS_DIR)/ErmaoLibrary.app/$(BUNDLE_EXECUTABLE_FOLDER_PATH)/ErmaoLibrary";
			};
			name = Debug;
		};
		C12100000000000000000121 /* Release */ = {
			isa = XCBuildConfiguration;
			buildSettings = {
				BUNDLE_LOADER = "$(TEST_HOST)";
				CODE_SIGN_STYLE = Automatic;
				DEVELOPMENT_TEAM = W5G54L42KQ;
				GENERATE_INFOPLIST_FILE = YES;
				IPHONEOS_DEPLOYMENT_TARGET = 16.0;
				PRODUCT_BUNDLE_IDENTIFIER = com.ermao.library.tests;
				PRODUCT_NAME = "$(TARGET_NAME)";
				SUPPORTED_PLATFORMS = iphoneos;
				SWIFT_STRICT_CONCURRENCY = complete;
				SWIFT_VERSION = 6.0;
				TARGETED_DEVICE_FAMILY = "1,2";
				TEST_HOST = "$(BUILT_PRODUCTS_DIR)/ErmaoLibrary.app/$(BUNDLE_EXECUTABLE_FOLDER_PATH)/ErmaoLibrary";
			};
			name = Release;
		};
		C13000000000000000000130 /* Debug */ = {
			isa = XCBuildConfiguration;
			buildSettings = {
				CODE_SIGN_STYLE = Automatic;
				DEVELOPMENT_TEAM = W5G54L42KQ;
				GENERATE_INFOPLIST_FILE = YES;
				IPHONEOS_DEPLOYMENT_TARGET = 16.0;
				PRODUCT_BUNDLE_IDENTIFIER = com.ermao.library.uitests;
				PRODUCT_NAME = "$(TARGET_NAME)";
				SUPPORTED_PLATFORMS = iphoneos;
				SWIFT_STRICT_CONCURRENCY = complete;
				SWIFT_VERSION = 6.0;
				TARGETED_DEVICE_FAMILY = "1,2";
				TEST_TARGET_NAME = ErmaoLibrary;
			};
			name = Debug;
		};
		C13100000000000000000131 /* Release */ = {
			isa = XCBuildConfiguration;
			buildSettings = {
				CODE_SIGN_STYLE = Automatic;
				DEVELOPMENT_TEAM = W5G54L42KQ;
				GENERATE_INFOPLIST_FILE = YES;
				IPHONEOS_DEPLOYMENT_TARGET = 16.0;
				PRODUCT_BUNDLE_IDENTIFIER = com.ermao.library.uitests;
				PRODUCT_NAME = "$(TARGET_NAME)";
				SUPPORTED_PLATFORMS = iphoneos;
				SWIFT_STRICT_CONCURRENCY = complete;
				SWIFT_VERSION = 6.0;
				TARGETED_DEVICE_FAMILY = "1,2";
				TEST_TARGET_NAME = ErmaoLibrary;
			};
			name = Release;
		};
/* End XCBuildConfiguration section */

/* Begin XCConfigurationList section */
		L10000000000000000000100 /* Build configuration list for PBXProject "ErmaoLibrary" */ = {
			isa = XCConfigurationList;
			buildConfigurations = (
				C10000000000000000000100 /* Debug */,
				C10100000000000000000101 /* Release */,
			);
			defaultConfigurationIsVisible = 0;
			defaultConfigurationName = Release;
		};
		L10100000000000000000101 /* Build configuration list for PBXNativeTarget "ErmaoLibrary" */ = {
			isa = XCConfigurationList;
			buildConfigurations = (
				C11000000000000000000110 /* Debug */,
				C11100000000000000000111 /* Release */,
			);
			defaultConfigurationIsVisible = 0;
			defaultConfigurationName = Release;
		};
		L10200000000000000000102 /* Build configuration list for PBXNativeTarget "ErmaoLibraryTests" */ = {
			isa = XCConfigurationList;
			buildConfigurations = (
				C12000000000000000000120 /* Debug */,
				C12100000000000000000121 /* Release */,
			);
			defaultConfigurationIsVisible = 0;
			defaultConfigurationName = Release;
		};
		L10300000000000000000103 /* Build configuration list for PBXNativeTarget "ErmaoLibraryUITests" */ = {
			isa = XCConfigurationList;
			buildConfigurations = (
				C13000000000000000000130 /* Debug */,
				C13100000000000000000131 /* Release */,
			);
			defaultConfigurationIsVisible = 0;
			defaultConfigurationName = Release;
		};
/* End XCConfigurationList section */

/* Begin XCLocalSwiftPackageReference section */
		PK0300000000000000000003 /* XCLocalSwiftPackageReference "../native/mobi-core" */ = {
			isa = XCLocalSwiftPackageReference;
			relativePath = "../native/mobi-core";
		};
/* End XCLocalSwiftPackageReference section */

/* Begin XCRemoteSwiftPackageReference section */
		PK0100000000000000000001 /* XCRemoteSwiftPackageReference "swift-toolkit 3.8.0" */ = {
			isa = XCRemoteSwiftPackageReference;
			repositoryURL = "https://github.com/readium/swift-toolkit.git";
			requirement = {
				kind = revision;
				revision = f7d10d2bf5876408feae14d634416f69d1473fd8;
			};
		};
/* End XCRemoteSwiftPackageReference section */

/* Begin XCSwiftPackageProductDependency section */
		PR0100000000000000000001 /* ReadiumShared */ = {
			isa = XCSwiftPackageProductDependency;
			package = PK0100000000000000000001 /* XCRemoteSwiftPackageReference "swift-toolkit 3.8.0" */;
			productName = ReadiumShared;
		};
		PR0200000000000000000002 /* ReadiumStreamer */ = {
			isa = XCSwiftPackageProductDependency;
			package = PK0100000000000000000001 /* XCRemoteSwiftPackageReference "swift-toolkit 3.8.0" */;
			productName = ReadiumStreamer;
		};
		PR0300000000000000000003 /* ReadiumNavigator */ = {
			isa = XCSwiftPackageProductDependency;
			package = PK0100000000000000000001 /* XCRemoteSwiftPackageReference "swift-toolkit 3.8.0" */;
			productName = ReadiumNavigator;
		};
		PR0600000000000000000006 /* ReadiumAdapterGCDWebServer */ = {
			isa = XCSwiftPackageProductDependency;
			package = PK0100000000000000000001 /* XCRemoteSwiftPackageReference "swift-toolkit 3.8.0" */;
			productName = ReadiumAdapterGCDWebServer;
		};
		PR0500000000000000000005 /* ErmaoMobiCore */ = {
			isa = XCSwiftPackageProductDependency;
			package = PK0300000000000000000003 /* XCLocalSwiftPackageReference "../native/mobi-core" */;
			productName = ErmaoMobiCore;
		};
/* End XCSwiftPackageProductDependency section */
	};
	rootObject = P00100000000000000000001 /* Project object */;
}
