// !$*UTF8*$!
{
	archiveVersion = 1;
	classes = {
	};
	objectVersion = 77;
	objects = {

/* Begin PBXBuildFile section */
		14793C05AF5E4F4C7FDC78DD /* ReaderPOCApp.swift in Sources */ = {isa = PBXBuildFile; fileRef = 5B578444F162B684AEC9BA16 /* ReaderPOCApp.swift */; };
		162B944D01D7FDD67F6806F7 /* 06-footnotes.azw3 in Resources */ = {isa = PBXBuildFile; fileRef = 20D63C8A8A0B34E8CF704B7F /* 06-footnotes.azw3 */; };
		1E7390843D32DD0C7B3EC691 /* PublicationPath.swift in Sources */ = {isa = PBXBuildFile; fileRef = 4D8EF2B158602805BBF28C53 /* PublicationPath.swift */; };
		20483382FC819B71E8F5324F /* PackageParserTests.swift in Sources */ = {isa = PBXBuildFile; fileRef = E41DCFFF53C11A033900BAD0 /* PackageParserTests.swift */; };
		22F211B000C6E4CB89DE4ADC /* ErmaoMobiCore in Frameworks */ = {isa = PBXBuildFile; productRef = 9031C2E8E7ADAFC84304E0E0 /* ErmaoMobiCore */; };
		29C46112B25AA6A931B5B97F /* ReadiumNavigator in Frameworks */ = {isa = PBXBuildFile; productRef = 8A49C66B0E2050517B55320D /* ReadiumNavigator */; };
		29D5EF006A1AAA5D5AED3C78 /* MobiPublicationParser.swift in Sources */ = {isa = PBXBuildFile; fileRef = 513333F0E5949936B6C5E693 /* MobiPublicationParser.swift */; };
		2C6CCEA4EEDD524D734842FD /* NavigatorSession.swift in Sources */ = {isa = PBXBuildFile; fileRef = 7A58A103F47550578C306646 /* NavigatorSession.swift */; };
		2D452845D24D6189ED688E67 /* ReaderScreen.swift in Sources */ = {isa = PBXBuildFile; fileRef = 9AF8FD2A5016120C9B0C2101 /* ReaderScreen.swift */; };
		2F1A16910DC7476CBDC6F29D /* 07-complex-toc.azw3 in Resources */ = {isa = PBXBuildFile; fileRef = 7FDDA69AD27C0D672D79FF6C /* 07-complex-toc.azw3 */; };
		2F4F552A00175A294BB464F7 /* ReaderPOCStressUITests.swift in Sources */ = {isa = PBXBuildFile; fileRef = 2ECDDC61F7A21278000498B3 /* ReaderPOCStressUITests.swift */; };
		30F94BCB15CC698B9A8FCDAA /* fixture-expectations.json in Resources */ = {isa = PBXBuildFile; fileRef = 8BC853981B1A571335DB3878 /* fixture-expectations.json */; };
		42EAD5DB9441A29075E0C16D /* PublicationPathTests.swift in Sources */ = {isa = PBXBuildFile; fileRef = 114FDBC1DD72F4291E557D78 /* PublicationPathTests.swift */; };
		528A469C1AD673B28359A5A0 /* 08-zh-hans.azw3 in Resources */ = {isa = PBXBuildFile; fileRef = C4EFC3A2D63C0BC4470399C2 /* 08-zh-hans.azw3 */; };
		53528482B9E8CB1D81161886 /* Localizable.strings in Resources */ = {isa = PBXBuildFile; fileRef = 90FC243E2B19AFD3F18FBCB4 /* Localizable.strings */; };
		55EE8AC83440AAA10BD592EF /* POCTheme.swift in Sources */ = {isa = PBXBuildFile; fileRef = 721D6E2C0B202FD0CB6F2187 /* POCTheme.swift */; };
		621635FCA7626906C37C0F39 /* InMemoryMobiContainer.swift in Sources */ = {isa = PBXBuildFile; fileRef = C9C4DE10D50261181E144DA7 /* InMemoryMobiContainer.swift */; };
		6F33C9044270C073F32C1CC9 /* ReadiumShared in Frameworks */ = {isa = PBXBuildFile; productRef = D4EE7A064086CAFA2D34FD7A /* ReadiumShared */; };
		6F50F34DA1B381B24C6ACCC0 /* 04-font.azw3 in Resources */ = {isa = PBXBuildFile; fileRef = 0915C241C889C7D7F6999021 /* 04-font.azw3 */; };
		705D0624C1FACDE060E607EC /* MobiPublicationFactoryTests.swift in Sources */ = {isa = PBXBuildFile; fileRef = 9144DA943567312A79B5C76A /* MobiPublicationFactoryTests.swift */; };
		7BD0BB27B519243EA7E93CFA /* ReadiumStreamer in Frameworks */ = {isa = PBXBuildFile; productRef = 625C412EFA4987B36F9DA0BF /* ReadiumStreamer */; };
		82C7AC99BAEE077982EAF96D /* ReaderPOCRootView.swift in Sources */ = {isa = PBXBuildFile; fileRef = F35469B73ACF06AD0DF03CD9 /* ReaderPOCRootView.swift */; };
		836779A506B5C853DAD71721 /* ReaderNavigatorView.swift in Sources */ = {isa = PBXBuildFile; fileRef = 64FFAC2D1B90C132AD5D2F7C /* ReaderNavigatorView.swift */; };
		8BF74381B167DE3E797B7303 /* 05-images.azw3 in Resources */ = {isa = PBXBuildFile; fileRef = 77358673EBF6977777C0899B /* 05-images.azw3 */; };
		910341F6CF31522B6881216B /* NativeMobiExtractor.swift in Sources */ = {isa = PBXBuildFile; fileRef = 83E9C41EE2F03E03D366BC54 /* NativeMobiExtractor.swift */; };
		918F52498D7C32414BC8AC57 /* NCXNavigationParser.swift in Sources */ = {isa = PBXBuildFile; fileRef = 28ECF0C402F613C9203E4870 /* NCXNavigationParser.swift */; };
		9498466A8A03E3396598CCE6 /* 10-long-chapter.azw3 in Resources */ = {isa = PBXBuildFile; fileRef = 1D6DC8C063EA8D00F3E5F60A /* 10-long-chapter.azw3 */; };
		966454B9C7EFF141D575603B /* 01-basic-mobi6.mobi in Resources */ = {isa = PBXBuildFile; fileRef = EAF76A173ED6ED3B7F0F111D /* 01-basic-mobi6.mobi */; };
		97E1B779FAB0DAD0B0FC517A /* InternalReferenceScanner.swift in Sources */ = {isa = PBXBuildFile; fileRef = 052D3D2DEC9A564B3E60ACD7 /* InternalReferenceScanner.swift */; };
		9E93E7FF565C71E0455A3819 /* MobiModels.swift in Sources */ = {isa = PBXBuildFile; fileRef = DC23487EB6AD0CFC4C3E7197 /* MobiModels.swift */; };
		A16A7B1A80DD77F235CD8F16 /* FixtureGoldenTests.swift in Sources */ = {isa = PBXBuildFile; fileRef = DA72367C94E6491ED7D9F082 /* FixtureGoldenTests.swift */; };
		A25B5F56C432CE8E04464890 /* MobiPublicationFactory.swift in Sources */ = {isa = PBXBuildFile; fileRef = FD7EF429F23AE9D8FE4CBC60 /* MobiPublicationFactory.swift */; };
		B0519B1C9BB8AA13C3617B4C /* test.azw3 in Resources */ = {isa = PBXBuildFile; fileRef = 21F669BDDAD1411799D1271C /* test.azw3 */; };
		C39ACAD0966FB47AD3FA2D5F /* ReaderPOCStore.swift in Sources */ = {isa = PBXBuildFile; fileRef = 466886BE893F6CE25818EBFC /* ReaderPOCStore.swift */; };
		CF92CB4F3E86F2BDF06A0F69 /* 03-css.azw3 in Resources */ = {isa = PBXBuildFile; fileRef = A980CA7C7D0B52C24C07795F /* 03-css.azw3 */; };
		D18AB0594D09DFB65DB9EEA7 /* FixtureCatalog.swift in Sources */ = {isa = PBXBuildFile; fileRef = B717CDBF23090B93A3C8B903 /* FixtureCatalog.swift */; };
		D2153CBD59DEDE1F78AC3BCD /* 09-ja-vertical.azw3 in Resources */ = {isa = PBXBuildFile; fileRef = 0D646AF493CAD31BA516A9C9 /* 09-ja-vertical.azw3 */; };
		D633C091FDA241D7FAB81DC5 /* TechnicalReportWriter.swift in Sources */ = {isa = PBXBuildFile; fileRef = B4C25A526B87A6B02943601C /* TechnicalReportWriter.swift */; };
		F7E43AEA9C6FBE0E475888F8 /* OPFPackageParser.swift in Sources */ = {isa = PBXBuildFile; fileRef = 7F8990D3C8DAB5E5C9ACEF17 /* OPFPackageParser.swift */; };
		F9ADAB10FF3F970A2B6E8A0F /* MobiFormat.swift in Sources */ = {isa = PBXBuildFile; fileRef = 65892CC9EC64735CC22C057E /* MobiFormat.swift */; };
/* End PBXBuildFile section */

/* Begin PBXContainerItemProxy section */
		59C5A3E513793FE98561012B /* PBXContainerItemProxy */ = {
			isa = PBXContainerItemProxy;
			containerPortal = 42EC8B3299DD674BF6CF7BA5 /* Project object */;
			proxyType = 1;
			remoteGlobalIDString = BA7B43D1015DE9D70839EED7;
			remoteInfo = ReaderPOC;
		};
		5E6E15CE53DE5F4D1B3E81E4 /* PBXContainerItemProxy */ = {
			isa = PBXContainerItemProxy;
			containerPortal = 42EC8B3299DD674BF6CF7BA5 /* Project object */;
			proxyType = 1;
			remoteGlobalIDString = BA7B43D1015DE9D70839EED7;
			remoteInfo = ReaderPOC;
		};
/* End PBXContainerItemProxy section */

/* Begin PBXFileReference section */
		052D3D2DEC9A564B3E60ACD7 /* InternalReferenceScanner.swift */ = {isa = PBXFileReference; lastKnownFileType = sourcecode.swift; path = InternalReferenceScanner.swift; sourceTree = "<group>"; };
		07DEB94FFF2713685DEE054F /* ReaderPOC.app */ = {isa = PBXFileReference; includeInIndex = 0; lastKnownFileType = wrapper.application; path = ReaderPOC.app; sourceTree = BUILT_PRODUCTS_DIR; };
		0915C241C889C7D7F6999021 /* 04-font.azw3 */ = {isa = PBXFileReference; path = "04-font.azw3"; sourceTree = "<group>"; };
		0D646AF493CAD31BA516A9C9 /* 09-ja-vertical.azw3 */ = {isa = PBXFileReference; path = "09-ja-vertical.azw3"; sourceTree = "<group>"; };
		114FDBC1DD72F4291E557D78 /* PublicationPathTests.swift */ = {isa = PBXFileReference; lastKnownFileType = sourcecode.swift; path = PublicationPathTests.swift; sourceTree = "<group>"; };
		16D7D287470BB344E290B80E /* ReaderPOCTests.xctest */ = {isa = PBXFileReference; includeInIndex = 0; lastKnownFileType = wrapper.cfbundle; path = ReaderPOCTests.xctest; sourceTree = BUILT_PRODUCTS_DIR; };
		1D6DC8C063EA8D00F3E5F60A /* 10-long-chapter.azw3 */ = {isa = PBXFileReference; path = "10-long-chapter.azw3"; sourceTree = "<group>"; };
		20D63C8A8A0B34E8CF704B7F /* 06-footnotes.azw3 */ = {isa = PBXFileReference; path = "06-footnotes.azw3"; sourceTree = "<group>"; };
		21F669BDDAD1411799D1271C /* test.azw3 */ = {isa = PBXFileReference; path = test.azw3; sourceTree = "<group>"; };
		28ECF0C402F613C9203E4870 /* NCXNavigationParser.swift */ = {isa = PBXFileReference; lastKnownFileType = sourcecode.swift; path = NCXNavigationParser.swift; sourceTree = "<group>"; };
		2ECDDC61F7A21278000498B3 /* ReaderPOCStressUITests.swift */ = {isa = PBXFileReference; lastKnownFileType = sourcecode.swift; path = ReaderPOCStressUITests.swift; sourceTree = "<group>"; };
		466886BE893F6CE25818EBFC /* ReaderPOCStore.swift */ = {isa = PBXFileReference; lastKnownFileType = sourcecode.swift; path = ReaderPOCStore.swift; sourceTree = "<group>"; };
		4D8EF2B158602805BBF28C53 /* PublicationPath.swift */ = {isa = PBXFileReference; lastKnownFileType = sourcecode.swift; path = PublicationPath.swift; sourceTree = "<group>"; };
		513333F0E5949936B6C5E693 /* MobiPublicationParser.swift */ = {isa = PBXFileReference; lastKnownFileType = sourcecode.swift; path = MobiPublicationParser.swift; sourceTree = "<group>"; };
		5631503D5A3EC3EDADA7C040 /* en */ = {isa = PBXFileReference; lastKnownFileType = text.plist.strings; name = en; path = en.lproj/Localizable.strings; sourceTree = "<group>"; };
		5739EECF2C6326962FD23683 /* ReaderPOCUITests.xctest */ = {isa = PBXFileReference; includeInIndex = 0; lastKnownFileType = wrapper.cfbundle; path = ReaderPOCUITests.xctest; sourceTree = BUILT_PRODUCTS_DIR; };
		5B578444F162B684AEC9BA16 /* ReaderPOCApp.swift */ = {isa = PBXFileReference; lastKnownFileType = sourcecode.swift; path = ReaderPOCApp.swift; sourceTree = "<group>"; };
		62A839132CA48107DB9C0C4A /* Info.plist */ = {isa = PBXFileReference; lastKnownFileType = text.plist; path = Info.plist; sourceTree = "<group>"; };
		64FFAC2D1B90C132AD5D2F7C /* ReaderNavigatorView.swift */ = {isa = PBXFileReference; lastKnownFileType = sourcecode.swift; path = ReaderNavigatorView.swift; sourceTree = "<group>"; };
		65892CC9EC64735CC22C057E /* MobiFormat.swift */ = {isa = PBXFileReference; lastKnownFileType = sourcecode.swift; path = MobiFormat.swift; sourceTree = "<group>"; };
		721D6E2C0B202FD0CB6F2187 /* POCTheme.swift */ = {isa = PBXFileReference; lastKnownFileType = sourcecode.swift; path = POCTheme.swift; sourceTree = "<group>"; };
		77358673EBF6977777C0899B /* 05-images.azw3 */ = {isa = PBXFileReference; path = "05-images.azw3"; sourceTree = "<group>"; };
		7A1C11FC56F5280F6072DC06 /* SHA256SUMS */ = {isa = PBXFileReference; path = SHA256SUMS; sourceTree = "<group>"; };
		7A58A103F47550578C306646 /* NavigatorSession.swift */ = {isa = PBXFileReference; lastKnownFileType = sourcecode.swift; path = NavigatorSession.swift; sourceTree = "<group>"; };
		7F8990D3C8DAB5E5C9ACEF17 /* OPFPackageParser.swift */ = {isa = PBXFileReference; lastKnownFileType = sourcecode.swift; path = OPFPackageParser.swift; sourceTree = "<group>"; };
		7FDDA69AD27C0D672D79FF6C /* 07-complex-toc.azw3 */ = {isa = PBXFileReference; path = "07-complex-toc.azw3"; sourceTree = "<group>"; };
		83E9C41EE2F03E03D366BC54 /* NativeMobiExtractor.swift */ = {isa = PBXFileReference; lastKnownFileType = sourcecode.swift; path = NativeMobiExtractor.swift; sourceTree = "<group>"; };
		8BC853981B1A571335DB3878 /* fixture-expectations.json */ = {isa = PBXFileReference; lastKnownFileType = text.json; path = "fixture-expectations.json"; sourceTree = "<group>"; };
		9144DA943567312A79B5C76A /* MobiPublicationFactoryTests.swift */ = {isa = PBXFileReference; lastKnownFileType = sourcecode.swift; path = MobiPublicationFactoryTests.swift; sourceTree = "<group>"; };
		9AF8FD2A5016120C9B0C2101 /* ReaderScreen.swift */ = {isa = PBXFileReference; lastKnownFileType = sourcecode.swift; path = ReaderScreen.swift; sourceTree = "<group>"; };
		A5A30905E131BD52344D6083 /* ErmaoMobiCore */ = {isa = PBXFileReference; lastKnownFileType = folder; name = ErmaoMobiCore; path = ../native/mobi-core; sourceTree = SOURCE_ROOT; };
		A980CA7C7D0B52C24C07795F /* 03-css.azw3 */ = {isa = PBXFileReference; path = "03-css.azw3"; sourceTree = "<group>"; };
		B4C25A526B87A6B02943601C /* TechnicalReportWriter.swift */ = {isa = PBXFileReference; lastKnownFileType = sourcecode.swift; path = TechnicalReportWriter.swift; sourceTree = "<group>"; };
		B717CDBF23090B93A3C8B903 /* FixtureCatalog.swift */ = {isa = PBXFileReference; lastKnownFileType = sourcecode.swift; path = FixtureCatalog.swift; sourceTree = "<group>"; };
		C4EFC3A2D63C0BC4470399C2 /* 08-zh-hans.azw3 */ = {isa = PBXFileReference; path = "08-zh-hans.azw3"; sourceTree = "<group>"; };
		C9C4DE10D50261181E144DA7 /* InMemoryMobiContainer.swift */ = {isa = PBXFileReference; lastKnownFileType = sourcecode.swift; path = InMemoryMobiContainer.swift; sourceTree = "<group>"; };
		DA72367C94E6491ED7D9F082 /* FixtureGoldenTests.swift */ = {isa = PBXFileReference; lastKnownFileType = sourcecode.swift; path = FixtureGoldenTests.swift; sourceTree = "<group>"; };
		DC23487EB6AD0CFC4C3E7197 /* MobiModels.swift */ = {isa = PBXFileReference; lastKnownFileType = sourcecode.swift; path = MobiModels.swift; sourceTree = "<group>"; };
		E37BE0B91C0C890D2DD09C6E /* zh-Hans */ = {isa = PBXFileReference; lastKnownFileType = text.plist.strings; name = "zh-Hans"; path = "zh-Hans.lproj/Localizable.strings"; sourceTree = "<group>"; };
		E41DCFFF53C11A033900BAD0 /* PackageParserTests.swift */ = {isa = PBXFileReference; lastKnownFileType = sourcecode.swift; path = PackageParserTests.swift; sourceTree = "<group>"; };
		EAF76A173ED6ED3B7F0F111D /* 01-basic-mobi6.mobi */ = {isa = PBXFileReference; path = "01-basic-mobi6.mobi"; sourceTree = "<group>"; };
		F35469B73ACF06AD0DF03CD9 /* ReaderPOCRootView.swift */ = {isa = PBXFileReference; lastKnownFileType = sourcecode.swift; path = ReaderPOCRootView.swift; sourceTree = "<group>"; };
		FD7EF429F23AE9D8FE4CBC60 /* MobiPublicationFactory.swift */ = {isa = PBXFileReference; lastKnownFileType = sourcecode.swift; path = MobiPublicationFactory.swift; sourceTree = "<group>"; };
/* End PBXFileReference section */

/* Begin PBXFrameworksBuildPhase section */
		907F6DB839ADACB33CEA27C4 /* Frameworks */ = {
			isa = PBXFrameworksBuildPhase;
			buildActionMask = 2147483647;
			files = (
				6F33C9044270C073F32C1CC9 /* ReadiumShared in Frameworks */,
				7BD0BB27B519243EA7E93CFA /* ReadiumStreamer in Frameworks */,
				29C46112B25AA6A931B5B97F /* ReadiumNavigator in Frameworks */,
				22F211B000C6E4CB89DE4ADC /* ErmaoMobiCore in Frameworks */,
			);
			runOnlyForDeploymentPostprocessing = 0;
		};
/* End PBXFrameworksBuildPhase section */

/* Begin PBXGroup section */
		2D8516ED01688BC42A682C54 /* Harness */ = {
			isa = PBXGroup;
			children = (
				B717CDBF23090B93A3C8B903 /* FixtureCatalog.swift */,
				7A58A103F47550578C306646 /* NavigatorSession.swift */,
				64FFAC2D1B90C132AD5D2F7C /* ReaderNavigatorView.swift */,
				F35469B73ACF06AD0DF03CD9 /* ReaderPOCRootView.swift */,
				466886BE893F6CE25818EBFC /* ReaderPOCStore.swift */,
				9AF8FD2A5016120C9B0C2101 /* ReaderScreen.swift */,
				B4C25A526B87A6B02943601C /* TechnicalReportWriter.swift */,
			);
			path = Harness;
			sourceTree = "<group>";
		};
		4F67F07DA32998CA1357C721 /* Application */ = {
			isa = PBXGroup;
			children = (
				28ECF0C402F613C9203E4870 /* NCXNavigationParser.swift */,
				7F8990D3C8DAB5E5C9ACEF17 /* OPFPackageParser.swift */,
				721D6E2C0B202FD0CB6F2187 /* POCTheme.swift */,
				4D8EF2B158602805BBF28C53 /* PublicationPath.swift */,
			);
			path = Application;
			sourceTree = "<group>";
		};
		6A7103E12908FC037C57B89C /* Domain */ = {
			isa = PBXGroup;
			children = (
				DC23487EB6AD0CFC4C3E7197 /* MobiModels.swift */,
			);
			path = Domain;
			sourceTree = "<group>";
		};
		7C54F3A33FD9930C55476486 /* ReaderPOCTests */ = {
			isa = PBXGroup;
			children = (
				DA72367C94E6491ED7D9F082 /* FixtureGoldenTests.swift */,
				9144DA943567312A79B5C76A /* MobiPublicationFactoryTests.swift */,
				E41DCFFF53C11A033900BAD0 /* PackageParserTests.swift */,
				114FDBC1DD72F4291E557D78 /* PublicationPathTests.swift */,
			);
			path = ReaderPOCTests;
			sourceTree = "<group>";
		};
		91BA89233786323B46C158C4 /* Fixtures */ = {
			isa = PBXGroup;
			children = (
				EAF76A173ED6ED3B7F0F111D /* 01-basic-mobi6.mobi */,
				A980CA7C7D0B52C24C07795F /* 03-css.azw3 */,
				0915C241C889C7D7F6999021 /* 04-font.azw3 */,
				77358673EBF6977777C0899B /* 05-images.azw3 */,
				20D63C8A8A0B34E8CF704B7F /* 06-footnotes.azw3 */,
				7FDDA69AD27C0D672D79FF6C /* 07-complex-toc.azw3 */,
				C4EFC3A2D63C0BC4470399C2 /* 08-zh-hans.azw3 */,
				0D646AF493CAD31BA516A9C9 /* 09-ja-vertical.azw3 */,
				1D6DC8C063EA8D00F3E5F60A /* 10-long-chapter.azw3 */,
				8BC853981B1A571335DB3878 /* fixture-expectations.json */,
				7A1C11FC56F5280F6072DC06 /* SHA256SUMS */,
				21F669BDDAD1411799D1271C /* test.azw3 */,
			);
			path = "../../../../../test-data/library/mobi";
			sourceTree = "<group>";
		};
		9FB0CE6215DE78960D2D3393 /* ReaderPOC */ = {
			isa = PBXGroup;
			children = (
				4F67F07DA32998CA1357C721 /* Application */,
				6A7103E12908FC037C57B89C /* Domain */,
				2D8516ED01688BC42A682C54 /* Harness */,
				B94A995D4D5612D61D9BBB4F /* Infrastructure */,
				ABA51DBA724A1918FC3E0958 /* Resources */,
				5B578444F162B684AEC9BA16 /* ReaderPOCApp.swift */,
			);
			path = ReaderPOC;
			sourceTree = "<group>";
		};
		ABA51DBA724A1918FC3E0958 /* Resources */ = {
			isa = PBXGroup;
			children = (
				91BA89233786323B46C158C4 /* Fixtures */,
				90FC243E2B19AFD3F18FBCB4 /* Localizable.strings */,
				62A839132CA48107DB9C0C4A /* Info.plist */,
			);
			path = Resources;
			sourceTree = "<group>";
		};
		B76C3D99D983408E521CF996 /* ReaderPOCUITests */ = {
			isa = PBXGroup;
			children = (
				2ECDDC61F7A21278000498B3 /* ReaderPOCStressUITests.swift */,
			);
			path = ReaderPOCUITests;
			sourceTree = "<group>";
		};
		B94A995D4D5612D61D9BBB4F /* Infrastructure */ = {
			isa = PBXGroup;
			children = (
				C9C4DE10D50261181E144DA7 /* InMemoryMobiContainer.swift */,
				052D3D2DEC9A564B3E60ACD7 /* InternalReferenceScanner.swift */,
				65892CC9EC64735CC22C057E /* MobiFormat.swift */,
				FD7EF429F23AE9D8FE4CBC60 /* MobiPublicationFactory.swift */,
				513333F0E5949936B6C5E693 /* MobiPublicationParser.swift */,
				83E9C41EE2F03E03D366BC54 /* NativeMobiExtractor.swift */,
			);
			path = Infrastructure;
			sourceTree = "<group>";
		};
		C1AF98F5D7C440AB4B96F82C /* Packages */ = {
			isa = PBXGroup;
			children = (
				A5A30905E131BD52344D6083 /* ErmaoMobiCore */,
			);
			name = Packages;
			sourceTree = "<group>";
		};
		C8E99DE7DDF3F3305DE83743 /* Products */ = {
			isa = PBXGroup;
			children = (
				07DEB94FFF2713685DEE054F /* ReaderPOC.app */,
				16D7D287470BB344E290B80E /* ReaderPOCTests.xctest */,
				5739EECF2C6326962FD23683 /* ReaderPOCUITests.xctest */,
			);
			name = Products;
			sourceTree = "<group>";
		};
		EE8E7F9990DEA030D1DC8B44 = {
			isa = PBXGroup;
			children = (
				C1AF98F5D7C440AB4B96F82C /* Packages */,
				9FB0CE6215DE78960D2D3393 /* ReaderPOC */,
				7C54F3A33FD9930C55476486 /* ReaderPOCTests */,
				B76C3D99D983408E521CF996 /* ReaderPOCUITests */,
				C8E99DE7DDF3F3305DE83743 /* Products */,
			);
			sourceTree = "<group>";
		};
/* End PBXGroup section */

/* Begin PBXNativeTarget section */
		6C805DB76734B73415BE674D /* ReaderPOCTests */ = {
			isa = PBXNativeTarget;
			buildConfigurationList = C77634C581920D6D904B33AB /* Build configuration list for PBXNativeTarget "ReaderPOCTests" */;
			buildPhases = (
				A37E5ACA2F176E3FEFBA7FF1 /* Sources */,
			);
			buildRules = (
			);
			dependencies = (
				711CC32713B6AC10D7F89F45 /* PBXTargetDependency */,
			);
			name = ReaderPOCTests;
			packageProductDependencies = (
			);
			productName = ReaderPOCTests;
			productReference = 16D7D287470BB344E290B80E /* ReaderPOCTests.xctest */;
			productType = "com.apple.product-type.bundle.unit-test";
		};
		870EB15942A142EAC46F3320 /* ReaderPOCUITests */ = {
			isa = PBXNativeTarget;
			buildConfigurationList = 3B109310216F42E705699639 /* Build configuration list for PBXNativeTarget "ReaderPOCUITests" */;
			buildPhases = (
				E6E5B07816C946276C6CEA32 /* Sources */,
			);
			buildRules = (
			);
			dependencies = (
				7A1568759F277053ED035269 /* PBXTargetDependency */,
			);
			name = ReaderPOCUITests;
			packageProductDependencies = (
			);
			productName = ReaderPOCUITests;
			productReference = 5739EECF2C6326962FD23683 /* ReaderPOCUITests.xctest */;
			productType = "com.apple.product-type.bundle.ui-testing";
		};
		BA7B43D1015DE9D70839EED7 /* ReaderPOC */ = {
			isa = PBXNativeTarget;
			buildConfigurationList = D9F88D1D6F4F424CA3280DCD /* Build configuration list for PBXNativeTarget "ReaderPOC" */;
			buildPhases = (
				6410FB10B80AD3F41E49DC38 /* Sources */,
				6DB165D0097EF66E774099FD /* Resources */,
				907F6DB839ADACB33CEA27C4 /* Frameworks */,
			);
			buildRules = (
			);
			dependencies = (
			);
			name = ReaderPOC;
			packageProductDependencies = (
				D4EE7A064086CAFA2D34FD7A /* ReadiumShared */,
				625C412EFA4987B36F9DA0BF /* ReadiumStreamer */,
				8A49C66B0E2050517B55320D /* ReadiumNavigator */,
				9031C2E8E7ADAFC84304E0E0 /* ErmaoMobiCore */,
			);
			productName = ReaderPOC;
			productReference = 07DEB94FFF2713685DEE054F /* ReaderPOC.app */;
			productType = "com.apple.product-type.application";
		};
/* End PBXNativeTarget section */

/* Begin PBXProject section */
		42EC8B3299DD674BF6CF7BA5 /* Project object */ = {
			isa = PBXProject;
			attributes = {
				BuildIndependentTargetsInParallel = YES;
				LastUpgradeCheck = 2600;
				TargetAttributes = {
					6C805DB76734B73415BE674D = {
						DevelopmentTeam = W5G54L42KQ;
						ProvisioningStyle = Automatic;
					};
					870EB15942A142EAC46F3320 = {
						DevelopmentTeam = W5G54L42KQ;
						ProvisioningStyle = Automatic;
						TestTargetID = BA7B43D1015DE9D70839EED7;
					};
					BA7B43D1015DE9D70839EED7 = {
						DevelopmentTeam = W5G54L42KQ;
						ProvisioningStyle = Automatic;
					};
				};
			};
			buildConfigurationList = 8D4844D788F696FCAD018D39 /* Build configuration list for PBXProject "ReaderPOC" */;
			developmentRegion = en;
			hasScannedForEncodings = 0;
			knownRegions = (
				Base,
				en,
				"zh-Hans",
			);
			mainGroup = EE8E7F9990DEA030D1DC8B44;
			minimizedProjectReferenceProxies = 1;
			packageReferences = (
				3F650CDC1536A34AB7056B7C /* XCRemoteSwiftPackageReference "swift-toolkit" */,
				AD037C65D41432F07B92645A /* XCLocalSwiftPackageReference "../native/mobi-core" */,
			);
			preferredProjectObjectVersion = 77;
			productRefGroup = C8E99DE7DDF3F3305DE83743 /* Products */;
			projectDirPath = "";
			projectRoot = "";
			targets = (
				BA7B43D1015DE9D70839EED7 /* ReaderPOC */,
				6C805DB76734B73415BE674D /* ReaderPOCTests */,
				870EB15942A142EAC46F3320 /* ReaderPOCUITests */,
			);
		};
/* End PBXProject section */

/* Begin PBXResourcesBuildPhase section */
		6DB165D0097EF66E774099FD /* Resources */ = {
			isa = PBXResourcesBuildPhase;
			buildActionMask = 2147483647;
			files = (
				966454B9C7EFF141D575603B /* 01-basic-mobi6.mobi in Resources */,
				CF92CB4F3E86F2BDF06A0F69 /* 03-css.azw3 in Resources */,
				6F50F34DA1B381B24C6ACCC0 /* 04-font.azw3 in Resources */,
				8BF74381B167DE3E797B7303 /* 05-images.azw3 in Resources */,
				162B944D01D7FDD67F6806F7 /* 06-footnotes.azw3 in Resources */,
				2F1A16910DC7476CBDC6F29D /* 07-complex-toc.azw3 in Resources */,
				528A469C1AD673B28359A5A0 /* 08-zh-hans.azw3 in Resources */,
				D2153CBD59DEDE1F78AC3BCD /* 09-ja-vertical.azw3 in Resources */,
				9498466A8A03E3396598CCE6 /* 10-long-chapter.azw3 in Resources */,
				53528482B9E8CB1D81161886 /* Localizable.strings in Resources */,
				30F94BCB15CC698B9A8FCDAA /* fixture-expectations.json in Resources */,
				B0519B1C9BB8AA13C3617B4C /* test.azw3 in Resources */,
			);
			runOnlyForDeploymentPostprocessing = 0;
		};
/* End PBXResourcesBuildPhase section */

/* Begin PBXSourcesBuildPhase section */
		6410FB10B80AD3F41E49DC38 /* Sources */ = {
			isa = PBXSourcesBuildPhase;
			buildActionMask = 2147483647;
			files = (
				D18AB0594D09DFB65DB9EEA7 /* FixtureCatalog.swift in Sources */,
				621635FCA7626906C37C0F39 /* InMemoryMobiContainer.swift in Sources */,
				97E1B779FAB0DAD0B0FC517A /* InternalReferenceScanner.swift in Sources */,
				F9ADAB10FF3F970A2B6E8A0F /* MobiFormat.swift in Sources */,
				9E93E7FF565C71E0455A3819 /* MobiModels.swift in Sources */,
				A25B5F56C432CE8E04464890 /* MobiPublicationFactory.swift in Sources */,
				29D5EF006A1AAA5D5AED3C78 /* MobiPublicationParser.swift in Sources */,
				918F52498D7C32414BC8AC57 /* NCXNavigationParser.swift in Sources */,
				910341F6CF31522B6881216B /* NativeMobiExtractor.swift in Sources */,
				2C6CCEA4EEDD524D734842FD /* NavigatorSession.swift in Sources */,
				F7E43AEA9C6FBE0E475888F8 /* OPFPackageParser.swift in Sources */,
				55EE8AC83440AAA10BD592EF /* POCTheme.swift in Sources */,
				1E7390843D32DD0C7B3EC691 /* PublicationPath.swift in Sources */,
				836779A506B5C853DAD71721 /* ReaderNavigatorView.swift in Sources */,
				14793C05AF5E4F4C7FDC78DD /* ReaderPOCApp.swift in Sources */,
				82C7AC99BAEE077982EAF96D /* ReaderPOCRootView.swift in Sources */,
				C39ACAD0966FB47AD3FA2D5F /* ReaderPOCStore.swift in Sources */,
				2D452845D24D6189ED688E67 /* ReaderScreen.swift in Sources */,
				D633C091FDA241D7FAB81DC5 /* TechnicalReportWriter.swift in Sources */,
			);
			runOnlyForDeploymentPostprocessing = 0;
		};
		A37E5ACA2F176E3FEFBA7FF1 /* Sources */ = {
			isa = PBXSourcesBuildPhase;
			buildActionMask = 2147483647;
			files = (
				A16A7B1A80DD77F235CD8F16 /* FixtureGoldenTests.swift in Sources */,
				705D0624C1FACDE060E607EC /* MobiPublicationFactoryTests.swift in Sources */,
				20483382FC819B71E8F5324F /* PackageParserTests.swift in Sources */,
				42EAD5DB9441A29075E0C16D /* PublicationPathTests.swift in Sources */,
			);
			runOnlyForDeploymentPostprocessing = 0;
		};
		E6E5B07816C946276C6CEA32 /* Sources */ = {
			isa = PBXSourcesBuildPhase;
			buildActionMask = 2147483647;
			files = (
				2F4F552A00175A294BB464F7 /* ReaderPOCStressUITests.swift in Sources */,
			);
			runOnlyForDeploymentPostprocessing = 0;
		};
/* End PBXSourcesBuildPhase section */

/* Begin PBXTargetDependency section */
		711CC32713B6AC10D7F89F45 /* PBXTargetDependency */ = {
			isa = PBXTargetDependency;
			target = BA7B43D1015DE9D70839EED7 /* ReaderPOC */;
			targetProxy = 59C5A3E513793FE98561012B /* PBXContainerItemProxy */;
		};
		7A1568759F277053ED035269 /* PBXTargetDependency */ = {
			isa = PBXTargetDependency;
			target = BA7B43D1015DE9D70839EED7 /* ReaderPOC */;
			targetProxy = 5E6E15CE53DE5F4D1B3E81E4 /* PBXContainerItemProxy */;
		};
/* End PBXTargetDependency section */

/* Begin PBXVariantGroup section */
		90FC243E2B19AFD3F18FBCB4 /* Localizable.strings */ = {
			isa = PBXVariantGroup;
			children = (
				5631503D5A3EC3EDADA7C040 /* en */,
				E37BE0B91C0C890D2DD09C6E /* zh-Hans */,
			);
			name = Localizable.strings;
			sourceTree = "<group>";
		};
/* End PBXVariantGroup section */

/* Begin XCBuildConfiguration section */
		40E1F719A27A27CABA8BFD6B /* Debug */ = {
			isa = XCBuildConfiguration;
			buildSettings = {
				BUNDLE_LOADER = "$(TEST_HOST)";
				CODE_SIGN_STYLE = Automatic;
				DEVELOPMENT_TEAM = W5G54L42KQ;
				GENERATE_INFOPLIST_FILE = YES;
				LD_RUNPATH_SEARCH_PATHS = (
					"$(inherited)",
					"@executable_path/Frameworks",
					"@loader_path/Frameworks",
				);
				PRODUCT_BUNDLE_IDENTIFIER = "com.ermao.library.reader-poc.tests";
				SDKROOT = iphoneos;
				SWIFT_VERSION = 6.0;
				TARGETED_DEVICE_FAMILY = "1,2";
				TEST_HOST = "$(BUILT_PRODUCTS_DIR)/ReaderPOC.app/$(BUNDLE_EXECUTABLE_FOLDER_PATH)/ReaderPOC";
			};
			name = Debug;
		};
		4456F8D9A35B1AB9D3755339 /* Debug */ = {
			isa = XCBuildConfiguration;
			buildSettings = {
				ALWAYS_SEARCH_USER_PATHS = NO;
				CLANG_ANALYZER_NONNULL = YES;
				CLANG_ANALYZER_NUMBER_OBJECT_CONVERSION = YES_AGGRESSIVE;
				CLANG_CXX_LANGUAGE_STANDARD = "gnu++14";
				CLANG_CXX_LIBRARY = "libc++";
				CLANG_ENABLE_MODULES = YES;
				CLANG_ENABLE_OBJC_ARC = YES;
				CLANG_ENABLE_OBJC_WEAK = YES;
				CLANG_WARN_BLOCK_CAPTURE_AUTORELEASING = YES;
				CLANG_WARN_BOOL_CONVERSION = YES;
				CLANG_WARN_COMMA = YES;
				CLANG_WARN_CONSTANT_CONVERSION = YES;
				CLANG_WARN_DEPRECATED_OBJC_IMPLEMENTATIONS = YES;
				CLANG_WARN_DIRECT_OBJC_ISA_USAGE = YES_ERROR;
				CLANG_WARN_DOCUMENTATION_COMMENTS = YES;
				CLANG_WARN_EMPTY_BODY = YES;
				CLANG_WARN_ENUM_CONVERSION = YES;
				CLANG_WARN_INFINITE_RECURSION = YES;
				CLANG_WARN_INT_CONVERSION = YES;
				CLANG_WARN_NON_LITERAL_NULL_CONVERSION = YES;
				CLANG_WARN_OBJC_IMPLICIT_RETAIN_SELF = YES;
				CLANG_WARN_OBJC_LITERAL_CONVERSION = YES;
				CLANG_WARN_OBJC_ROOT_CLASS = YES_ERROR;
				CLANG_WARN_QUOTED_INCLUDE_IN_FRAMEWORK_HEADER = YES;
				CLANG_WARN_RANGE_LOOP_ANALYSIS = YES;
				CLANG_WARN_STRICT_PROTOTYPES = YES;
				CLANG_WARN_SUSPICIOUS_MOVE = YES;
				CLANG_WARN_UNGUARDED_AVAILABILITY = YES_AGGRESSIVE;
				CLANG_WARN_UNREACHABLE_CODE = YES;
				CLANG_WARN__DUPLICATE_METHOD_MATCH = YES;
				COPY_PHASE_STRIP = NO;
				DEBUG_INFORMATION_FORMAT = dwarf;
				ENABLE_STRICT_OBJC_MSGSEND = YES;
				ENABLE_TESTABILITY = YES;
				GCC_C_LANGUAGE_STANDARD = gnu11;
				GCC_DYNAMIC_NO_PIC = NO;
				GCC_NO_COMMON_BLOCKS = YES;
				GCC_OPTIMIZATION_LEVEL = 0;
				GCC_PREPROCESSOR_DEFINITIONS = (
					"$(inherited)",
					"DEBUG=1",
				);
				GCC_WARN_64_TO_32_BIT_CONVERSION = YES;
				GCC_WARN_ABOUT_RETURN_TYPE = YES_ERROR;
				GCC_WARN_UNDECLARED_SELECTOR = YES;
				GCC_WARN_UNINITIALIZED_AUTOS = YES_AGGRESSIVE;
				GCC_WARN_UNUSED_FUNCTION = YES;
				GCC_WARN_UNUSED_VARIABLE = YES;
				IPHONEOS_DEPLOYMENT_TARGET = 16.0;
				MTL_ENABLE_DEBUG_INFO = INCLUDE_SOURCE;
				MTL_FAST_MATH = YES;
				ONLY_ACTIVE_ARCH = YES;
				PRODUCT_NAME = "$(TARGET_NAME)";
				SDKROOT = iphoneos;
				SWIFT_ACTIVE_COMPILATION_CONDITIONS = DEBUG;
				SWIFT_OPTIMIZATION_LEVEL = "-Onone";
				SWIFT_VERSION = 5.0;
			};
			name = Debug;
		};
		589E596DB28409644C01F08C /* Debug */ = {
			isa = XCBuildConfiguration;
			buildSettings = {
				BUNDLE_LOADER = "$(TEST_HOST)";
				CODE_SIGN_STYLE = Automatic;
				DEVELOPMENT_TEAM = W5G54L42KQ;
				GENERATE_INFOPLIST_FILE = YES;
				LD_RUNPATH_SEARCH_PATHS = (
					"$(inherited)",
					"@executable_path/Frameworks",
					"@loader_path/Frameworks",
				);
				PRODUCT_BUNDLE_IDENTIFIER = "com.ermao.library.reader-poc.uitests";
				SDKROOT = iphoneos;
				SWIFT_VERSION = 6.0;
				TARGETED_DEVICE_FAMILY = "1,2";
				TEST_TARGET_NAME = ReaderPOC;
			};
			name = Debug;
		};
		6161E8319F66EB14599FFB1D /* Debug */ = {
			isa = XCBuildConfiguration;
			buildSettings = {
				ASSETCATALOG_COMPILER_APPICON_NAME = AppIcon;
				ASSETCATALOG_COMPILER_GENERATE_SWIFT_ASSET_SYMBOL_EXTENSIONS = YES;
				CODE_SIGN_IDENTITY = "iPhone Developer";
				CODE_SIGN_STYLE = Automatic;
				CURRENT_PROJECT_VERSION = 1;
				DEVELOPMENT_TEAM = W5G54L42KQ;
				ENABLE_TESTABILITY = YES;
				GENERATE_INFOPLIST_FILE = NO;
				INFOPLIST_FILE = ReaderPOC/Resources/Info.plist;
				LD_RUNPATH_SEARCH_PATHS = (
					"$(inherited)",
					"@executable_path/Frameworks",
				);
				MARKETING_VERSION = 0.1.0;
				PRODUCT_BUNDLE_IDENTIFIER = "com.ermao.library.reader-poc";
				SDKROOT = iphoneos;
				SUPPORTS_MACCATALYST = NO;
				SWIFT_STRICT_CONCURRENCY = complete;
				SWIFT_VERSION = 6.0;
				TARGETED_DEVICE_FAMILY = "1,2";
			};
			name = Debug;
		};
		77335626E6D26AE00435A69E /* Release */ = {
			isa = XCBuildConfiguration;
			buildSettings = {
				ALWAYS_SEARCH_USER_PATHS = NO;
				CLANG_ANALYZER_NONNULL = YES;
				CLANG_ANALYZER_NUMBER_OBJECT_CONVERSION = YES_AGGRESSIVE;
				CLANG_CXX_LANGUAGE_STANDARD = "gnu++14";
				CLANG_CXX_LIBRARY = "libc++";
				CLANG_ENABLE_MODULES = YES;
				CLANG_ENABLE_OBJC_ARC = YES;
				CLANG_ENABLE_OBJC_WEAK = YES;
				CLANG_WARN_BLOCK_CAPTURE_AUTORELEASING = YES;
				CLANG_WARN_BOOL_CONVERSION = YES;
				CLANG_WARN_COMMA = YES;
				CLANG_WARN_CONSTANT_CONVERSION = YES;
				CLANG_WARN_DEPRECATED_OBJC_IMPLEMENTATIONS = YES;
				CLANG_WARN_DIRECT_OBJC_ISA_USAGE = YES_ERROR;
				CLANG_WARN_DOCUMENTATION_COMMENTS = YES;
				CLANG_WARN_EMPTY_BODY = YES;
				CLANG_WARN_ENUM_CONVERSION = YES;
				CLANG_WARN_INFINITE_RECURSION = YES;
				CLANG_WARN_INT_CONVERSION = YES;
				CLANG_WARN_NON_LITERAL_NULL_CONVERSION = YES;
				CLANG_WARN_OBJC_IMPLICIT_RETAIN_SELF = YES;
				CLANG_WARN_OBJC_LITERAL_CONVERSION = YES;
				CLANG_WARN_OBJC_ROOT_CLASS = YES_ERROR;
				CLANG_WARN_QUOTED_INCLUDE_IN_FRAMEWORK_HEADER = YES;
				CLANG_WARN_RANGE_LOOP_ANALYSIS = YES;
				CLANG_WARN_STRICT_PROTOTYPES = YES;
				CLANG_WARN_SUSPICIOUS_MOVE = YES;
				CLANG_WARN_UNGUARDED_AVAILABILITY = YES_AGGRESSIVE;
				CLANG_WARN_UNREACHABLE_CODE = YES;
				CLANG_WARN__DUPLICATE_METHOD_MATCH = YES;
				COPY_PHASE_STRIP = NO;
				DEBUG_INFORMATION_FORMAT = "dwarf-with-dsym";
				ENABLE_NS_ASSERTIONS = NO;
				ENABLE_STRICT_OBJC_MSGSEND = YES;
				GCC_C_LANGUAGE_STANDARD = gnu11;
				GCC_NO_COMMON_BLOCKS = YES;
				GCC_WARN_64_TO_32_BIT_CONVERSION = YES;
				GCC_WARN_ABOUT_RETURN_TYPE = YES_ERROR;
				GCC_WARN_UNDECLARED_SELECTOR = YES;
				GCC_WARN_UNINITIALIZED_AUTOS = YES_AGGRESSIVE;
				GCC_WARN_UNUSED_FUNCTION = YES;
				GCC_WARN_UNUSED_VARIABLE = YES;
				IPHONEOS_DEPLOYMENT_TARGET = 16.0;
				MTL_ENABLE_DEBUG_INFO = NO;
				MTL_FAST_MATH = YES;
				PRODUCT_NAME = "$(TARGET_NAME)";
				SDKROOT = iphoneos;
				SWIFT_COMPILATION_MODE = wholemodule;
				SWIFT_OPTIMIZATION_LEVEL = "-O";
				SWIFT_VERSION = 5.0;
			};
			name = Release;
		};
		7A1921FAA273C0122F4ECF16 /* Release */ = {
			isa = XCBuildConfiguration;
			buildSettings = {
				ASSETCATALOG_COMPILER_APPICON_NAME = AppIcon;
				ASSETCATALOG_COMPILER_GENERATE_SWIFT_ASSET_SYMBOL_EXTENSIONS = YES;
				CODE_SIGN_IDENTITY = "iPhone Developer";
				CODE_SIGN_STYLE = Automatic;
				CURRENT_PROJECT_VERSION = 1;
				DEVELOPMENT_TEAM = W5G54L42KQ;
				ENABLE_TESTABILITY = YES;
				GENERATE_INFOPLIST_FILE = NO;
				INFOPLIST_FILE = ReaderPOC/Resources/Info.plist;
				LD_RUNPATH_SEARCH_PATHS = (
					"$(inherited)",
					"@executable_path/Frameworks",
				);
				MARKETING_VERSION = 0.1.0;
				PRODUCT_BUNDLE_IDENTIFIER = "com.ermao.library.reader-poc";
				SDKROOT = iphoneos;
				SUPPORTS_MACCATALYST = NO;
				SWIFT_STRICT_CONCURRENCY = complete;
				SWIFT_VERSION = 6.0;
				TARGETED_DEVICE_FAMILY = "1,2";
			};
			name = Release;
		};
		82F791E1FAF71BF3F9EED4F5 /* Release */ = {
			isa = XCBuildConfiguration;
			buildSettings = {
				BUNDLE_LOADER = "$(TEST_HOST)";
				CODE_SIGN_STYLE = Automatic;
				DEVELOPMENT_TEAM = W5G54L42KQ;
				GENERATE_INFOPLIST_FILE = YES;
				LD_RUNPATH_SEARCH_PATHS = (
					"$(inherited)",
					"@executable_path/Frameworks",
					"@loader_path/Frameworks",
				);
				PRODUCT_BUNDLE_IDENTIFIER = "com.ermao.library.reader-poc.tests";
				SDKROOT = iphoneos;
				SWIFT_VERSION = 6.0;
				TARGETED_DEVICE_FAMILY = "1,2";
				TEST_HOST = "$(BUILT_PRODUCTS_DIR)/ReaderPOC.app/$(BUNDLE_EXECUTABLE_FOLDER_PATH)/ReaderPOC";
			};
			name = Release;
		};
		BD87B3CBB0CE79479921F919 /* Release */ = {
			isa = XCBuildConfiguration;
			buildSettings = {
				BUNDLE_LOADER = "$(TEST_HOST)";
				CODE_SIGN_STYLE = Automatic;
				DEVELOPMENT_TEAM = W5G54L42KQ;
				GENERATE_INFOPLIST_FILE = YES;
				LD_RUNPATH_SEARCH_PATHS = (
					"$(inherited)",
					"@executable_path/Frameworks",
					"@loader_path/Frameworks",
				);
				PRODUCT_BUNDLE_IDENTIFIER = "com.ermao.library.reader-poc.uitests";
				SDKROOT = iphoneos;
				SWIFT_VERSION = 6.0;
				TARGETED_DEVICE_FAMILY = "1,2";
				TEST_TARGET_NAME = ReaderPOC;
			};
			name = Release;
		};
/* End XCBuildConfiguration section */

/* Begin XCConfigurationList section */
		3B109310216F42E705699639 /* Build configuration list for PBXNativeTarget "ReaderPOCUITests" */ = {
			isa = XCConfigurationList;
			buildConfigurations = (
				589E596DB28409644C01F08C /* Debug */,
				BD87B3CBB0CE79479921F919 /* Release */,
			);
			defaultConfigurationIsVisible = 0;
			defaultConfigurationName = Debug;
		};
		8D4844D788F696FCAD018D39 /* Build configuration list for PBXProject "ReaderPOC" */ = {
			isa = XCConfigurationList;
			buildConfigurations = (
				4456F8D9A35B1AB9D3755339 /* Debug */,
				77335626E6D26AE00435A69E /* Release */,
			);
			defaultConfigurationIsVisible = 0;
			defaultConfigurationName = Debug;
		};
		C77634C581920D6D904B33AB /* Build configuration list for PBXNativeTarget "ReaderPOCTests" */ = {
			isa = XCConfigurationList;
			buildConfigurations = (
				40E1F719A27A27CABA8BFD6B /* Debug */,
				82F791E1FAF71BF3F9EED4F5 /* Release */,
			);
			defaultConfigurationIsVisible = 0;
			defaultConfigurationName = Debug;
		};
		D9F88D1D6F4F424CA3280DCD /* Build configuration list for PBXNativeTarget "ReaderPOC" */ = {
			isa = XCConfigurationList;
			buildConfigurations = (
				6161E8319F66EB14599FFB1D /* Debug */,
				7A1921FAA273C0122F4ECF16 /* Release */,
			);
			defaultConfigurationIsVisible = 0;
			defaultConfigurationName = Debug;
		};
/* End XCConfigurationList section */

/* Begin XCLocalSwiftPackageReference section */
		AD037C65D41432F07B92645A /* XCLocalSwiftPackageReference "../native/mobi-core" */ = {
			isa = XCLocalSwiftPackageReference;
			relativePath = ../native/mobi-core;
		};
/* End XCLocalSwiftPackageReference section */

/* Begin XCRemoteSwiftPackageReference section */
		3F650CDC1536A34AB7056B7C /* XCRemoteSwiftPackageReference "swift-toolkit" */ = {
			isa = XCRemoteSwiftPackageReference;
			repositoryURL = "https://github.com/readium/swift-toolkit.git";
			requirement = {
				kind = exactVersion;
				version = 3.11.0;
			};
		};
/* End XCRemoteSwiftPackageReference section */

/* Begin XCSwiftPackageProductDependency section */
		625C412EFA4987B36F9DA0BF /* ReadiumStreamer */ = {
			isa = XCSwiftPackageProductDependency;
			package = 3F650CDC1536A34AB7056B7C /* XCRemoteSwiftPackageReference "swift-toolkit" */;
			productName = ReadiumStreamer;
		};
		8A49C66B0E2050517B55320D /* ReadiumNavigator */ = {
			isa = XCSwiftPackageProductDependency;
			package = 3F650CDC1536A34AB7056B7C /* XCRemoteSwiftPackageReference "swift-toolkit" */;
			productName = ReadiumNavigator;
		};
		9031C2E8E7ADAFC84304E0E0 /* ErmaoMobiCore */ = {
			isa = XCSwiftPackageProductDependency;
			productName = ErmaoMobiCore;
		};
		D4EE7A064086CAFA2D34FD7A /* ReadiumShared */ = {
			isa = XCSwiftPackageProductDependency;
			package = 3F650CDC1536A34AB7056B7C /* XCRemoteSwiftPackageReference "swift-toolkit" */;
			productName = ReadiumShared;
		};
/* End XCSwiftPackageProductDependency section */
	};
	rootObject = 42EC8B3299DD674BF6CF7BA5 /* Project object */;
}
